
Microsoft Visual Studio Solution File, Format Version 12.00
# Visual Studio Version 17
VisualStudioVersion = 17.0.31912.275
MinimumVisualStudioVersion = 10.0.40219.1
Project("{FAE04EC0-301F-11D3-BF4B-00C04F79EFBC}") = "ActRec.Android", "ActRec\ActRec.Android\ActRec.Android.csproj", "{39870F7D-9368-4F3E-B7DA-0A90458CB715}"
EndProject
Project("{FAE04EC0-301F-11D3-BF4B-00C04F79EFBC}") = "ActRec.iOS", "ActRec\ActRec.iOS\ActRec.iOS.csproj", "{D519D51F-537F-4EA9-8C31-0826FF6CD840}"
EndProject
Project("{FAE04EC0-301F-11D3-BF4B-00C04F79EFBC}") = "ActRec.UWP", "ActRec\ActRec.UWP\ActRec.UWP.csproj", "{7E3509AC-14D7-4417-8623-21664035418C}"
EndProject
Project("{9A19103F-16F7-4668-BE54-9A1E7A4F7556}") = "ActRec", "ActRec\ActRec\ActRec.csproj", "{31FFBC31-26A6-4AA9-91FF-3178BF1765AF}"
EndProject
Project("{9A19103F-16F7-4668-BE54-9A1E7A4F7556}") = "StatList", "deps\StatList\StatList.csproj", "{67F9D3A8-F71E-4428-913F-C37AE82CDB24}"
EndProject
Project("{2150E333-8FDC-42A3-9474-1A3956D46DE8}") = "deps", "deps", "{7D82A1E3-5B8C-4950-A6D2-73784975D727}"
EndProject
Project("{9A19103F-16F7-4668-BE54-9A1E7A4F7556}") = "AdaptiveInterpolator", "deps\AdaptiveInterpolator\AdaptiveInterpolator.csproj", "{EADA9628-A4E4-40B0-A362-8FBDE4931C22}"
EndProject
Project("{9A19103F-16F7-4668-BE54-9A1E7A4F7556}") = "VisiPlacer", "deps\VisiPlacer\VisiPlacer\VisiPlacer.csproj", "{69EC4A5F-A26B-4DC5-A7AB-D1D7BDE9355C}"
EndProject
Project("{FAE04EC0-301F-11D3-BF4B-00C04F79EFBC}") = "VisiPlacer.Android", "deps\VisiPlacer\VisiPlacer.Android\VisiPlacer.Android.csproj", "{5911E1A9-9C98-42BA-9878-90ED3F946E57}"
EndProject
Project("{FAE04EC0-301F-11D3-BF4B-00C04F79EFBC}") = "VisiPlacer.UWP", "deps\VisiPlacer\VisiPlacer.UWP\VisiPlacer.UWP.csproj", "{9323F653-BB21-4967-9341-88DBAD2728C3}"
EndProject
Project("{FAE04EC0-301F-11D3-BF4B-00C04F79EFBC}") = "VisiPlacer.iOS", "deps\VisiPlacer\VisiPlacer.iOS\VisiPlacer.iOS.csproj", "{DE461A19-E352-4A79-855B-4FCC38DA6BB6}"
EndProject
Global
	GlobalSection(SolutionConfigurationPlatforms) = preSolution
		Ad-Hoc|Any CPU = Ad-Hoc|Any CPU
		AppStore|Any CPU = AppStore|Any CPU
		Debug|Any CPU = Debug|Any CPU
		Release|Any CPU = Release|Any CPU
	EndGlobalSection
	GlobalSection(ProjectConfigurationPlatforms) = postSolution
		{39870F7D-9368-4F3E-B7DA-0A90458CB715}.Ad-Hoc|Any CPU.ActiveCfg = Release|Any CPU
		{39870F7D-9368-4F3E-B7DA-0A90458CB715}.Ad-Hoc|Any CPU.Build.0 = Release|Any CPU
		{39870F7D-9368-4F3E-B7DA-0A90458CB715}.Ad-Hoc|Any CPU.Deploy.0 = Release|Any CPU
		{39870F7D-9368-4F3E-B7DA-0A90458CB715}.AppStore|Any CPU.ActiveCfg = Release|Any CPU
		{39870F7D-9368-4F3E-B7DA-0A90458CB715}.AppStore|Any CPU.Build.0 = Release|Any CPU
		{39870F7D-9368-4F3E-B7DA-0A90458CB715}.AppStore|Any CPU.Deploy.0 = Release|Any CPU
		{39870F7D-9368-4F3E-B7DA-0A90458CB715}.Debug|Any CPU.ActiveCfg = Debug|Any CPU
		{39870F7D-9368-4F3E-B7DA-0A90458CB715}.Debug|Any CPU.Build.0 = Debug|Any CPU
		{39870F7D-9368-4F3E-B7DA-0A90458CB715}.Debug|Any CPU.Deploy.0 = Debug|Any CPU
		{39870F7D-9368-4F3E-B7DA-0A90458CB715}.Release|Any CPU.ActiveCfg = Release|Any CPU
		{39870F7D-9368-4F3E-B7DA-0A90458CB715}.Release|Any CPU.Build.0 = Release|Any CPU
		{39870F7D-9368-4F3E-B7DA-0A90458CB715}.Release|Any CPU.Deploy.0 = Release|Any CPU
		{D519D51F-537F-4EA9-8C31-0826FF6CD840}.Ad-Hoc|Any CPU.ActiveCfg = Release|Any CPU
		{D519D51F-537F-4EA9-8C31-0826FF6CD840}.Ad-Hoc|Any CPU.Build.0 = Release|Any CPU
		{D519D51F-537F-4EA9-8C31-0826FF6CD840}.Ad-Hoc|Any CPU.Deploy.0 = Release|Any CPU
		{D519D51F-537F-4EA9-8C31-0826FF6CD840}.AppStore|Any CPU.ActiveCfg = Release|Any CPU
		{D519D51F-537F-4EA9-8C31-0826FF6CD840}.AppStore|Any CPU.Build.0 = Release|Any CPU
		{D519D51F-537F-4EA9-8C31-0826FF6CD840}.AppStore|Any CPU.Deploy.0 = Release|Any CPU
		{D519D51F-537F-4EA9-8C31-0826FF6CD840}.Debug|Any CPU.ActiveCfg = Debug|Any CPU
		{D519D51F-537F-4EA9-8C31-0826FF6CD840}.Debug|Any CPU.Build.0 = Debug|Any CPU
		{D519D51F-537F-4EA9-8C31-0826FF6CD840}.Debug|Any CPU.Deploy.0 = Debug|Any CPU
		{D519D51F-537F-4EA9-8C31-0826FF6CD840}.Release|Any CPU.ActiveCfg = Release|Any CPU
		{D519D51F-537F-4EA9-8C31-0826FF6CD840}.Release|Any CPU.Build.0 = Release|Any CPU
		{D519D51F-537F-4EA9-8C31-0826FF6CD840}.Release|Any CPU.Deploy.0 = Release|Any CPU
		{7E3509AC-14D7-4417-8623-21664035418C}.Ad-Hoc|Any CPU.ActiveCfg = Release|x64
		{7E3509AC-14D7-4417-8623-21664035418C}.Ad-Hoc|Any CPU.Build.0 = Release|x64
		{7E3509AC-14D7-4417-8623-21664035418C}.AppStore|Any CPU.ActiveCfg = Release|x64
		{7E3509AC-14D7-4417-8623-21664035418C}.AppStore|Any CPU.Build.0 = Release|x64
		{7E3509AC-14D7-4417-8623-21664035418C}.Debug|Any CPU.ActiveCfg = Debug|x64
		{7E3509AC-14D7-4417-8623-21664035418C}.Debug|Any CPU.Build.0 = Debug|x64
		{7E3509AC-14D7-4417-8623-21664035418C}.Release|Any CPU.ActiveCfg = Release|x64
		{7E3509AC-14D7-4417-8623-21664035418C}.Release|Any CPU.Build.0 = Release|x64
		{31FFBC31-26A6-4AA9-91FF-3178BF1765AF}.Ad-Hoc|Any CPU.ActiveCfg = Release|Any CPU
		{31FFBC31-26A6-4AA9-91FF-3178BF1765AF}.Ad-Hoc|Any CPU.Build.0 = Release|Any CPU
		{31FFBC31-26A6-4AA9-91FF-3178BF1765AF}.AppStore|Any CPU.ActiveCfg = Release|Any CPU
		{31FFBC31-26A6-4AA9-91FF-3178BF1765AF}.AppStore|Any CPU.Build.0 = Release|Any CPU
		{31FFBC31-26A6-4AA9-91FF-3178BF1765AF}.Debug|Any CPU.ActiveCfg = Debug|Any CPU
		{31FFBC31-26A6-4AA9-91FF-3178BF1765AF}.Debug|Any CPU.Build.0 = Debug|Any CPU
		{31FFBC31-26A6-4AA9-91FF-3178BF1765AF}.Debug|Any CPU.Deploy.0 = Debug|Any CPU
		{31FFBC31-26A6-4AA9-91FF-3178BF1765AF}.Release|Any CPU.ActiveCfg = Release|Any CPU
		{31FFBC31-26A6-4AA9-91FF-3178BF1765AF}.Release|Any CPU.Build.0 = Release|Any CPU
		{31FFBC31-26A6-4AA9-91FF-3178BF1765AF}.Release|Any CPU.Deploy.0 = Release|Any CPU
		{67F9D3A8-F71E-4428-913F-C37AE82CDB24}.Ad-Hoc|Any CPU.ActiveCfg = Release|Any CPU
		{67F9D3A8-F71E-4428-913F-C37AE82CDB24}.Ad-Hoc|Any CPU.Build.0 = Release|Any CPU
		{67F9D3A8-F71E-4428-913F-C37AE82CDB24}.AppStore|Any CPU.ActiveCfg = Release|Any CPU
		{67F9D3A8-F71E-4428-913F-C37AE82CDB24}.AppStore|Any CPU.Build.0 = Release|Any CPU
		{67F9D3A8-F71E-4428-913F-C37AE82CDB24}.Debug|Any CPU.ActiveCfg = Debug|Any CPU
		{67F9D3A8-F71E-4428-913F-C37AE82CDB24}.Debug|Any CPU.Build.0 = Debug|Any CPU
		{67F9D3A8-F71E-4428-913F-C37AE82CDB24}.Release|Any CPU.ActiveCfg = Release|Any CPU
		{67F9D3A8-F71E-4428-913F-C37AE82CDB24}.Release|Any CPU.Build.0 = Release|Any CPU
		{EADA9628-A4E4-40B0-A362-8FBDE4931C22}.Ad-Hoc|Any CPU.ActiveCfg = Release|Any CPU
		{EADA9628-A4E4-40B0-A362-8FBDE4931C22}.Ad-Hoc|Any CPU.Build.0 = Release|Any CPU
		{EADA9628-A4E4-40B0-A362-8FBDE4931C22}.AppStore|Any CPU.ActiveCfg = Release|Any CPU
		{EADA9628-A4E4-40B0-A362-8FBDE4931C22}.AppStore|Any CPU.Build.0 = Release|Any CPU
		{EADA9628-A4E4-40B0-A362-8FBDE4931C22}.Debug|Any CPU.ActiveCfg = Debug|Any CPU
		{EADA9628-A4E4-40B0-A362-8FBDE4931C22}.Debug|Any CPU.Build.0 = Debug|Any CPU
		{EADA9628-A4E4-40B0-A362-8FBDE4931C22}.Release|Any CPU.ActiveCfg = Release|Any CPU
		{EADA9628-A4E4-40B0-A362-8FBDE4931C22}.Release|Any CPU.Build.0 = Release|Any CPU
		{69EC4A5F-A26B-4DC5-A7AB-D1D7BDE9355C}.Ad-Hoc|Any CPU.ActiveCfg = Release|Any CPU
		{69EC4A5F-A26B-4DC5-A7AB-D1D7BDE9355C}.Ad-Hoc|Any CPU.Build.0 = Release|Any CPU
		{69EC4A5F-A26B-4DC5-A7AB-D1D7BDE9355C}.AppStore|Any CPU.ActiveCfg = Release|Any CPU
		{69EC4A5F-A26B-4DC5-A7AB-D1D7BDE9355C}.AppStore|Any CPU.Build.0 = Release|Any CPU
		{69EC4A5F-A26B-4DC5-A7AB-D1D7BDE9355C}.Debug|Any CPU.ActiveCfg = Debug|Any CPU
		{69EC4A5F-A26B-4DC5-A7AB-D1D7BDE9355C}.Debug|Any CPU.Build.0 = Debug|Any CPU
		{69EC4A5F-A26B-4DC5-A7AB-D1D7BDE9355C}.Release|Any CPU.ActiveCfg = Release|Any CPU
		{69EC4A5F-A26B-4DC5-A7AB-D1D7BDE9355C}.Release|Any CPU.Build.0 = Release|Any CPU
		{5911E1A9-9C98-42BA-9878-90ED3F946E57}.Ad-Hoc|Any CPU.ActiveCfg = Release|Any CPU
		{5911E1A9-9C98-42BA-9878-90ED3F946E57}.AppStore|Any CPU.ActiveCfg = Release|Any CPU
		{5911E1A9-9C98-42BA-9878-90ED3F946E57}.Debug|Any CPU.ActiveCfg = Debug|Any CPU
		{5911E1A9-9C98-42BA-9878-90ED3F946E57}.Debug|Any CPU.Build.0 = Debug|Any CPU
		{5911E1A9-9C98-42BA-9878-90ED3F946E57}.Release|Any CPU.ActiveCfg = Release|Any CPU
		{5911E1A9-9C98-42BA-9878-90ED3F946E57}.Release|Any CPU.Build.0 = Release|Any CPU
		{9323F653-BB21-4967-9341-88DBAD2728C3}.Ad-Hoc|Any CPU.ActiveCfg = Release|Any CPU
		{9323F653-BB21-4967-9341-88DBAD2728C3}.Ad-Hoc|Any CPU.Build.0 = Release|Any CPU
		{9323F653-BB21-4967-9341-88DBAD2728C3}.AppStore|Any CPU.ActiveCfg = Release|Any CPU
		{9323F653-BB21-4967-9341-88DBAD2728C3}.AppStore|Any CPU.Build.0 = Release|Any CPU
		{9323F653-BB21-4967-9341-88DBAD2728C3}.Debug|Any CPU.ActiveCfg = Debug|Any CPU
		{9323F653-BB21-4967-9341-88DBAD2728C3}.Debug|Any CPU.Build.0 = Debug|Any CPU
		{9323F653-BB21-4967-9341-88DBAD2728C3}.Release|Any CPU.ActiveCfg = Release|Any CPU
		{9323F653-BB21-4967-9341-88DBAD2728C3}.Release|Any CPU.Build.0 = Release|Any CPU
		{DE461A19-E352-4A79-855B-4FCC38DA6BB6}.Ad-Hoc|Any CPU.ActiveCfg = Release|Any CPU
		{DE461A19-E352-4A79-855B-4FCC38DA6BB6}.AppStore|Any CPU.ActiveCfg = Release|Any CPU
		{DE461A19-E352-4A79-855B-4FCC38DA6BB6}.Debug|Any CPU.ActiveCfg = Debug|Any CPU
		{DE461A19-E352-4A79-855B-4FCC38DA6BB6}.Debug|Any CPU.Build.0 = Debug|Any CPU
		{DE461A19-E352-4A79-855B-4FCC38DA6BB6}.Release|Any CPU.ActiveCfg = Release|Any CPU
		{DE461A19-E352-4A79-855B-4FCC38DA6BB6}.Release|Any CPU.Build.0 = Release|Any CPU
	EndGlobalSection
	GlobalSection(SolutionProperties) = preSolution
		HideSolutionNode = FALSE
	EndGlobalSection
	GlobalSection(NestedProjects) = preSolution
		{67F9D3A8-F71E-4428-913F-C37AE82CDB24} = {7D82A1E3-5B8C-4950-A6D2-73784975D727}
		{EADA9628-A4E4-40B0-A362-8FBDE4931C22} = {7D82A1E3-5B8C-4950-A6D2-73784975D727}
		{69EC4A5F-A26B-4DC5-A7AB-D1D7BDE9355C} = {7D82A1E3-5B8C-4950-A6D2-73784975D727}
		{5911E1A9-9C98-42BA-9878-90ED3F946E57} = {7D82A1E3-5B8C-4950-A6D2-73784975D727}
		{9323F653-BB21-4967-9341-88DBAD2728C3} = {7D82A1E3-5B8C-4950-A6D2-73784975D727}
		{DE461A19-E352-4A79-855B-4FCC38DA6BB6} = {7D82A1E3-5B8C-4950-A6D2-73784975D727}
	EndGlobalSection
	GlobalSection(ExtensibilityGlobals) = postSolution
		SolutionGuid = {9133ADB8-24D3-4E6E-BF87-FC787BC18FDE}
	EndGlobalSection
EndGlobal
