
Microsoft Visual Studio Solution File, Format Version 12.00
# Visual Studio 15
VisualStudioVersion = 15.0.26730.10
MinimumVisualStudioVersion = 10.0.40219.1
Project("{FAE04EC0-301F-11D3-BF4B-00C04F79EFBC}") = "ActRec.Android", "ActRec\ActRec.Android\ActRec.Android.csproj", "{CE5E2DE0-1EAB-43C1-9BAB-3C27BADF9233}"
EndProject
Project("{FAE04EC0-301F-11D3-BF4B-00C04F79EFBC}") = "ActRec", "ActRec\ActRec\ActRec.csproj", "{EBE6C89F-60A7-460D-9DC6-AAF83261F8D7}"
EndProject
Project("{FAE04EC0-301F-11D3-BF4B-00C04F79EFBC}") = "ActRec.UWP", "ActRec\ActRec.UWP\ActRec.UWP.csproj", "{B0514960-9B08-400A-833B-EFCAB7619771}"
EndProject
Project("{FAE04EC0-301F-11D3-BF4B-00C04F79EFBC}") = "ActRec.iOS", "ActRec\ActRec.iOS\ActRec.iOS.csproj", "{81FE1E13-F741-454C-87CA-0DB1D48E128F}"
EndProject
Project("{2150E333-8FDC-42A3-9474-1A3956D46DE8}") = "deps", "deps", "{2BFA7D54-F42F-4395-96DD-C407232F277D}"
EndProject
Project("{FAE04EC0-301F-11D3-BF4B-00C04F79EFBC}") = "Statlist", "deps\Statlist\Statlist.csproj", "{67F9D3A8-F71E-4428-913F-C37AE82CDB24}"
EndProject
Project("{FAE04EC0-301F-11D3-BF4B-00C04F79EFBC}") = "VisiPlacer", "deps\VisiPlacer\VisiPlacer.csproj", "{217DD708-6929-48AD-9B43-A469FD251CC7}"
EndProject
Project("{FAE04EC0-301F-11D3-BF4B-00C04F79EFBC}") = "AdaptiveInterpolator", "deps\AdaptiveInterpolator\AdaptiveInterpolator.csproj", "{EADA9628-A4E4-40B0-A362-8FBDE4931C22}"
EndProject
Global
	GlobalSection(SolutionConfigurationPlatforms) = preSolution
		Ad-Hoc|Any CPU = Ad-Hoc|Any CPU
		Ad-Hoc|ARM = Ad-Hoc|ARM
		Ad-Hoc|iPhone = Ad-Hoc|iPhone
		Ad-Hoc|iPhoneSimulator = Ad-Hoc|iPhoneSimulator
		Ad-Hoc|x64 = Ad-Hoc|x64
		Ad-Hoc|x86 = Ad-Hoc|x86
		AppStore|Any CPU = AppStore|Any CPU
		AppStore|ARM = AppStore|ARM
		AppStore|iPhone = AppStore|iPhone
		AppStore|iPhoneSimulator = AppStore|iPhoneSimulator
		AppStore|x64 = AppStore|x64
		AppStore|x86 = AppStore|x86
		Debug|Any CPU = Debug|Any CPU
		Debug|ARM = Debug|ARM
		Debug|iPhone = Debug|iPhone
		Debug|iPhoneSimulator = Debug|iPhoneSimulator
		Debug|x64 = Debug|x64
		Debug|x86 = Debug|x86
		Release|Any CPU = Release|Any CPU
		Release|ARM = Release|ARM
		Release|iPhone = Release|iPhone
		Release|iPhoneSimulator = Release|iPhoneSimulator
		Release|x64 = Release|x64
		Release|x86 = Release|x86
	EndGlobalSection
	GlobalSection(ProjectConfigurationPlatforms) = postSolution
		{CE5E2DE0-1EAB-43C1-9BAB-3C27BADF9233}.Ad-Hoc|Any CPU.ActiveCfg = Release|Any CPU
		{CE5E2DE0-1EAB-43C1-9BAB-3C27BADF9233}.Ad-Hoc|Any CPU.Build.0 = Release|Any CPU
		{CE5E2DE0-1EAB-43C1-9BAB-3C27BADF9233}.Ad-Hoc|Any CPU.Deploy.0 = Release|Any CPU
		{CE5E2DE0-1EAB-43C1-9BAB-3C27BADF9233}.Ad-Hoc|ARM.ActiveCfg = Release|Any CPU
		{CE5E2DE0-1EAB-43C1-9BAB-3C27BADF9233}.Ad-Hoc|ARM.Build.0 = Release|Any CPU
		{CE5E2DE0-1EAB-43C1-9BAB-3C27BADF9233}.Ad-Hoc|ARM.Deploy.0 = Release|Any CPU
		{CE5E2DE0-1EAB-43C1-9BAB-3C27BADF9233}.Ad-Hoc|iPhone.ActiveCfg = Release|Any CPU
		{CE5E2DE0-1EAB-43C1-9BAB-3C27BADF9233}.Ad-Hoc|iPhone.Build.0 = Release|Any CPU
		{CE5E2DE0-1EAB-43C1-9BAB-3C27BADF9233}.Ad-Hoc|iPhone.Deploy.0 = Release|Any CPU
		{CE5E2DE0-1EAB-43C1-9BAB-3C27BADF9233}.Ad-Hoc|iPhoneSimulator.ActiveCfg = Release|Any CPU
		{CE5E2DE0-1EAB-43C1-9BAB-3C27BADF9233}.Ad-Hoc|iPhoneSimulator.Build.0 = Release|Any CPU
		{CE5E2DE0-1EAB-43C1-9BAB-3C27BADF9233}.Ad-Hoc|iPhoneSimulator.Deploy.0 = Release|Any CPU
		{CE5E2DE0-1EAB-43C1-9BAB-3C27BADF9233}.Ad-Hoc|x64.ActiveCfg = Release|Any CPU
		{CE5E2DE0-1EAB-43C1-9BAB-3C27BADF9233}.Ad-Hoc|x64.Build.0 = Release|Any CPU
		{CE5E2DE0-1EAB-43C1-9BAB-3C27BADF9233}.Ad-Hoc|x64.Deploy.0 = Release|Any CPU
		{CE5E2DE0-1EAB-43C1-9BAB-3C27BADF9233}.Ad-Hoc|x86.ActiveCfg = Release|Any CPU
		{CE5E2DE0-1EAB-43C1-9BAB-3C27BADF9233}.Ad-Hoc|x86.Build.0 = Release|Any CPU
		{CE5E2DE0-1EAB-43C1-9BAB-3C27BADF9233}.Ad-Hoc|x86.Deploy.0 = Release|Any CPU
		{CE5E2DE0-1EAB-43C1-9BAB-3C27BADF9233}.AppStore|Any CPU.ActiveCfg = Release|Any CPU
		{CE5E2DE0-1EAB-43C1-9BAB-3C27BADF9233}.AppStore|Any CPU.Build.0 = Release|Any CPU
		{CE5E2DE0-1EAB-43C1-9BAB-3C27BADF9233}.AppStore|Any CPU.Deploy.0 = Release|Any CPU
		{CE5E2DE0-1EAB-43C1-9BAB-3C27BADF9233}.AppStore|ARM.ActiveCfg = Release|Any CPU
		{CE5E2DE0-1EAB-43C1-9BAB-3C27BADF9233}.AppStore|ARM.Build.0 = Release|Any CPU
		{CE5E2DE0-1EAB-43C1-9BAB-3C27BADF9233}.AppStore|ARM.Deploy.0 = Release|Any CPU
		{CE5E2DE0-1EAB-43C1-9BAB-3C27BADF9233}.AppStore|iPhone.ActiveCfg = Release|Any CPU
		{CE5E2DE0-1EAB-43C1-9BAB-3C27BADF9233}.AppStore|iPhone.Build.0 = Release|Any CPU
		{CE5E2DE0-1EAB-43C1-9BAB-3C27BADF9233}.AppStore|iPhone.Deploy.0 = Release|Any CPU
		{CE5E2DE0-1EAB-43C1-9BAB-3C27BADF9233}.AppStore|iPhoneSimulator.ActiveCfg = Release|Any CPU
		{CE5E2DE0-1EAB-43C1-9BAB-3C27BADF9233}.AppStore|iPhoneSimulator.Build.0 = Release|Any CPU
		{CE5E2DE0-1EAB-43C1-9BAB-3C27BADF9233}.AppStore|iPhoneSimulator.Deploy.0 = Release|Any CPU
		{CE5E2DE0-1EAB-43C1-9BAB-3C27BADF9233}.AppStore|x64.ActiveCfg = Release|Any CPU
		{CE5E2DE0-1EAB-43C1-9BAB-3C27BADF9233}.AppStore|x64.Build.0 = Release|Any CPU
		{CE5E2DE0-1EAB-43C1-9BAB-3C27BADF9233}.AppStore|x64.Deploy.0 = Release|Any CPU
		{CE5E2DE0-1EAB-43C1-9BAB-3C27BADF9233}.AppStore|x86.ActiveCfg = Release|Any CPU
		{CE5E2DE0-1EAB-43C1-9BAB-3C27BADF9233}.AppStore|x86.Build.0 = Release|Any CPU
		{CE5E2DE0-1EAB-43C1-9BAB-3C27BADF9233}.AppStore|x86.Deploy.0 = Release|Any CPU
		{CE5E2DE0-1EAB-43C1-9BAB-3C27BADF9233}.Debug|Any CPU.ActiveCfg = Debug|Any CPU
		{CE5E2DE0-1EAB-43C1-9BAB-3C27BADF9233}.Debug|Any CPU.Build.0 = Debug|Any CPU
		{CE5E2DE0-1EAB-43C1-9BAB-3C27BADF9233}.Debug|Any CPU.Deploy.0 = Debug|Any CPU
		{CE5E2DE0-1EAB-43C1-9BAB-3C27BADF9233}.Debug|ARM.ActiveCfg = Debug|Any CPU
		{CE5E2DE0-1EAB-43C1-9BAB-3C27BADF9233}.Debug|ARM.Build.0 = Debug|Any CPU
		{CE5E2DE0-1EAB-43C1-9BAB-3C27BADF9233}.Debug|ARM.Deploy.0 = Debug|Any CPU
		{CE5E2DE0-1EAB-43C1-9BAB-3C27BADF9233}.Debug|iPhone.ActiveCfg = Debug|Any CPU
		{CE5E2DE0-1EAB-43C1-9BAB-3C27BADF9233}.Debug|iPhone.Build.0 = Debug|Any CPU
		{CE5E2DE0-1EAB-43C1-9BAB-3C27BADF9233}.Debug|iPhone.Deploy.0 = Debug|Any CPU
		{CE5E2DE0-1EAB-43C1-9BAB-3C27BADF9233}.Debug|iPhoneSimulator.ActiveCfg = Debug|Any CPU
		{CE5E2DE0-1EAB-43C1-9BAB-3C27BADF9233}.Debug|iPhoneSimulator.Build.0 = Debug|Any CPU
		{CE5E2DE0-1EAB-43C1-9BAB-3C27BADF9233}.Debug|iPhoneSimulator.Deploy.0 = Debug|Any CPU
		{CE5E2DE0-1EAB-43C1-9BAB-3C27BADF9233}.Debug|x64.ActiveCfg = Debug|Any CPU
		{CE5E2DE0-1EAB-43C1-9BAB-3C27BADF9233}.Debug|x64.Build.0 = Debug|Any CPU
		{CE5E2DE0-1EAB-43C1-9BAB-3C27BADF9233}.Debug|x64.Deploy.0 = Debug|Any CPU
		{CE5E2DE0-1EAB-43C1-9BAB-3C27BADF9233}.Debug|x86.ActiveCfg = Debug|Any CPU
		{CE5E2DE0-1EAB-43C1-9BAB-3C27BADF9233}.Debug|x86.Build.0 = Debug|Any CPU
		{CE5E2DE0-1EAB-43C1-9BAB-3C27BADF9233}.Debug|x86.Deploy.0 = Debug|Any CPU
		{CE5E2DE0-1EAB-43C1-9BAB-3C27BADF9233}.Release|Any CPU.ActiveCfg = Release|Any CPU
		{CE5E2DE0-1EAB-43C1-9BAB-3C27BADF9233}.Release|Any CPU.Build.0 = Release|Any CPU
		{CE5E2DE0-1EAB-43C1-9BAB-3C27BADF9233}.Release|Any CPU.Deploy.0 = Release|Any CPU
		{CE5E2DE0-1EAB-43C1-9BAB-3C27BADF9233}.Release|ARM.ActiveCfg = Release|Any CPU
		{CE5E2DE0-1EAB-43C1-9BAB-3C27BADF9233}.Release|ARM.Build.0 = Release|Any CPU
		{CE5E2DE0-1EAB-43C1-9BAB-3C27BADF9233}.Release|ARM.Deploy.0 = Release|Any CPU
		{CE5E2DE0-1EAB-43C1-9BAB-3C27BADF9233}.Release|iPhone.ActiveCfg = Release|Any CPU
		{CE5E2DE0-1EAB-43C1-9BAB-3C27BADF9233}.Release|iPhone.Build.0 = Release|Any CPU
		{CE5E2DE0-1EAB-43C1-9BAB-3C27BADF9233}.Release|iPhone.Deploy.0 = Release|Any CPU
		{CE5E2DE0-1EAB-43C1-9BAB-3C27BADF9233}.Release|iPhoneSimulator.ActiveCfg = Release|Any CPU
		{CE5E2DE0-1EAB-43C1-9BAB-3C27BADF9233}.Release|iPhoneSimulator.Build.0 = Release|Any CPU
		{CE5E2DE0-1EAB-43C1-9BAB-3C27BADF9233}.Release|iPhoneSimulator.Deploy.0 = Release|Any CPU
		{CE5E2DE0-1EAB-43C1-9BAB-3C27BADF9233}.Release|x64.ActiveCfg = Release|Any CPU
		{CE5E2DE0-1EAB-43C1-9BAB-3C27BADF9233}.Release|x64.Build.0 = Release|Any CPU
		{CE5E2DE0-1EAB-43C1-9BAB-3C27BADF9233}.Release|x64.Deploy.0 = Release|Any CPU
		{CE5E2DE0-1EAB-43C1-9BAB-3C27BADF9233}.Release|x86.ActiveCfg = Release|Any CPU
		{CE5E2DE0-1EAB-43C1-9BAB-3C27BADF9233}.Release|x86.Build.0 = Release|Any CPU
		{CE5E2DE0-1EAB-43C1-9BAB-3C27BADF9233}.Release|x86.Deploy.0 = Release|Any CPU
		{EBE6C89F-60A7-460D-9DC6-AAF83261F8D7}.Ad-Hoc|Any CPU.ActiveCfg = Release|Any CPU
		{EBE6C89F-60A7-460D-9DC6-AAF83261F8D7}.Ad-Hoc|Any CPU.Build.0 = Release|Any CPU
		{EBE6C89F-60A7-460D-9DC6-AAF83261F8D7}.Ad-Hoc|ARM.ActiveCfg = Release|Any CPU
		{EBE6C89F-60A7-460D-9DC6-AAF83261F8D7}.Ad-Hoc|ARM.Build.0 = Release|Any CPU
		{EBE6C89F-60A7-460D-9DC6-AAF83261F8D7}.Ad-Hoc|iPhone.ActiveCfg = Release|Any CPU
		{EBE6C89F-60A7-460D-9DC6-AAF83261F8D7}.Ad-Hoc|iPhone.Build.0 = Release|Any CPU
		{EBE6C89F-60A7-460D-9DC6-AAF83261F8D7}.Ad-Hoc|iPhoneSimulator.ActiveCfg = Release|Any CPU
		{EBE6C89F-60A7-460D-9DC6-AAF83261F8D7}.Ad-Hoc|iPhoneSimulator.Build.0 = Release|Any CPU
		{EBE6C89F-60A7-460D-9DC6-AAF83261F8D7}.Ad-Hoc|x64.ActiveCfg = Release|Any CPU
		{EBE6C89F-60A7-460D-9DC6-AAF83261F8D7}.Ad-Hoc|x64.Build.0 = Release|Any CPU
		{EBE6C89F-60A7-460D-9DC6-AAF83261F8D7}.Ad-Hoc|x86.ActiveCfg = Release|Any CPU
		{EBE6C89F-60A7-460D-9DC6-AAF83261F8D7}.Ad-Hoc|x86.Build.0 = Release|Any CPU
		{EBE6C89F-60A7-460D-9DC6-AAF83261F8D7}.AppStore|Any CPU.ActiveCfg = Release|Any CPU
		{EBE6C89F-60A7-460D-9DC6-AAF83261F8D7}.AppStore|Any CPU.Build.0 = Release|Any CPU
		{EBE6C89F-60A7-460D-9DC6-AAF83261F8D7}.AppStore|ARM.ActiveCfg = Release|Any CPU
		{EBE6C89F-60A7-460D-9DC6-AAF83261F8D7}.AppStore|ARM.Build.0 = Release|Any CPU
		{EBE6C89F-60A7-460D-9DC6-AAF83261F8D7}.AppStore|iPhone.ActiveCfg = Release|Any CPU
		{EBE6C89F-60A7-460D-9DC6-AAF83261F8D7}.AppStore|iPhone.Build.0 = Release|Any CPU
		{EBE6C89F-60A7-460D-9DC6-AAF83261F8D7}.AppStore|iPhoneSimulator.ActiveCfg = Release|Any CPU
		{EBE6C89F-60A7-460D-9DC6-AAF83261F8D7}.AppStore|iPhoneSimulator.Build.0 = Release|Any CPU
		{EBE6C89F-60A7-460D-9DC6-AAF83261F8D7}.AppStore|x64.ActiveCfg = Release|Any CPU
		{EBE6C89F-60A7-460D-9DC6-AAF83261F8D7}.AppStore|x64.Build.0 = Release|Any CPU
		{EBE6C89F-60A7-460D-9DC6-AAF83261F8D7}.AppStore|x86.ActiveCfg = Release|Any CPU
		{EBE6C89F-60A7-460D-9DC6-AAF83261F8D7}.AppStore|x86.Build.0 = Release|Any CPU
		{EBE6C89F-60A7-460D-9DC6-AAF83261F8D7}.Debug|Any CPU.ActiveCfg = Debug|Any CPU
		{EBE6C89F-60A7-460D-9DC6-AAF83261F8D7}.Debug|Any CPU.Build.0 = Debug|Any CPU
		{EBE6C89F-60A7-460D-9DC6-AAF83261F8D7}.Debug|ARM.ActiveCfg = Debug|Any CPU
		{EBE6C89F-60A7-460D-9DC6-AAF83261F8D7}.Debug|ARM.Build.0 = Debug|Any CPU
		{EBE6C89F-60A7-460D-9DC6-AAF83261F8D7}.Debug|iPhone.ActiveCfg = Debug|Any CPU
		{EBE6C89F-60A7-460D-9DC6-AAF83261F8D7}.Debug|iPhone.Build.0 = Debug|Any CPU
		{EBE6C89F-60A7-460D-9DC6-AAF83261F8D7}.Debug|iPhoneSimulator.ActiveCfg = Debug|Any CPU
		{EBE6C89F-60A7-460D-9DC6-AAF83261F8D7}.Debug|iPhoneSimulator.Build.0 = Debug|Any CPU
		{EBE6C89F-60A7-460D-9DC6-AAF83261F8D7}.Debug|x64.ActiveCfg = Debug|Any CPU
		{EBE6C89F-60A7-460D-9DC6-AAF83261F8D7}.Debug|x64.Build.0 = Debug|Any CPU
		{EBE6C89F-60A7-460D-9DC6-AAF83261F8D7}.Debug|x86.ActiveCfg = Debug|Any CPU
		{EBE6C89F-60A7-460D-9DC6-AAF83261F8D7}.Debug|x86.Build.0 = Debug|Any CPU
		{EBE6C89F-60A7-460D-9DC6-AAF83261F8D7}.Release|Any CPU.ActiveCfg = Release|Any CPU
		{EBE6C89F-60A7-460D-9DC6-AAF83261F8D7}.Release|Any CPU.Build.0 = Release|Any CPU
		{EBE6C89F-60A7-460D-9DC6-AAF83261F8D7}.Release|ARM.ActiveCfg = Release|Any CPU
		{EBE6C89F-60A7-460D-9DC6-AAF83261F8D7}.Release|ARM.Build.0 = Release|Any CPU
		{EBE6C89F-60A7-460D-9DC6-AAF83261F8D7}.Release|iPhone.ActiveCfg = Release|Any CPU
		{EBE6C89F-60A7-460D-9DC6-AAF83261F8D7}.Release|iPhone.Build.0 = Release|Any CPU
		{EBE6C89F-60A7-460D-9DC6-AAF83261F8D7}.Release|iPhoneSimulator.ActiveCfg = Release|Any CPU
		{EBE6C89F-60A7-460D-9DC6-AAF83261F8D7}.Release|iPhoneSimulator.Build.0 = Release|Any CPU
		{EBE6C89F-60A7-460D-9DC6-AAF83261F8D7}.Release|x64.ActiveCfg = Release|Any CPU
		{EBE6C89F-60A7-460D-9DC6-AAF83261F8D7}.Release|x64.Build.0 = Release|Any CPU
		{EBE6C89F-60A7-460D-9DC6-AAF83261F8D7}.Release|x86.ActiveCfg = Release|Any CPU
		{EBE6C89F-60A7-460D-9DC6-AAF83261F8D7}.Release|x86.Build.0 = Release|Any CPU
		{B0514960-9B08-400A-833B-EFCAB7619771}.Ad-Hoc|Any CPU.ActiveCfg = Release|x86
		{B0514960-9B08-400A-833B-EFCAB7619771}.Ad-Hoc|Any CPU.Build.0 = Release|x86
		{B0514960-9B08-400A-833B-EFCAB7619771}.Ad-Hoc|Any CPU.Deploy.0 = Release|x86
		{B0514960-9B08-400A-833B-EFCAB7619771}.Ad-Hoc|ARM.ActiveCfg = Release|ARM
		{B0514960-9B08-400A-833B-EFCAB7619771}.Ad-Hoc|ARM.Build.0 = Release|ARM
		{B0514960-9B08-400A-833B-EFCAB7619771}.Ad-Hoc|ARM.Deploy.0 = Release|ARM
		{B0514960-9B08-400A-833B-EFCAB7619771}.Ad-Hoc|iPhone.ActiveCfg = Release|x86
		{B0514960-9B08-400A-833B-EFCAB7619771}.Ad-Hoc|iPhone.Build.0 = Release|x86
		{B0514960-9B08-400A-833B-EFCAB7619771}.Ad-Hoc|iPhone.Deploy.0 = Release|x86
		{B0514960-9B08-400A-833B-EFCAB7619771}.Ad-Hoc|iPhoneSimulator.ActiveCfg = Release|x86
		{B0514960-9B08-400A-833B-EFCAB7619771}.Ad-Hoc|iPhoneSimulator.Build.0 = Release|x86
		{B0514960-9B08-400A-833B-EFCAB7619771}.Ad-Hoc|iPhoneSimulator.Deploy.0 = Release|x86
		{B0514960-9B08-400A-833B-EFCAB7619771}.Ad-Hoc|x64.ActiveCfg = Release|x64
		{B0514960-9B08-400A-833B-EFCAB7619771}.Ad-Hoc|x64.Build.0 = Release|x64
		{B0514960-9B08-400A-833B-EFCAB7619771}.Ad-Hoc|x64.Deploy.0 = Release|x64
		{B0514960-9B08-400A-833B-EFCAB7619771}.Ad-Hoc|x86.ActiveCfg = Release|x86
		{B0514960-9B08-400A-833B-EFCAB7619771}.Ad-Hoc|x86.Build.0 = Release|x86
		{B0514960-9B08-400A-833B-EFCAB7619771}.Ad-Hoc|x86.Deploy.0 = Release|x86
		{B0514960-9B08-400A-833B-EFCAB7619771}.AppStore|Any CPU.ActiveCfg = Release|x86
		{B0514960-9B08-400A-833B-EFCAB7619771}.AppStore|Any CPU.Build.0 = Release|x86
		{B0514960-9B08-400A-833B-EFCAB7619771}.AppStore|Any CPU.Deploy.0 = Release|x86
		{B0514960-9B08-400A-833B-EFCAB7619771}.AppStore|ARM.ActiveCfg = Release|ARM
		{B0514960-9B08-400A-833B-EFCAB7619771}.AppStore|ARM.Build.0 = Release|ARM
		{B0514960-9B08-400A-833B-EFCAB7619771}.AppStore|ARM.Deploy.0 = Release|ARM
		{B0514960-9B08-400A-833B-EFCAB7619771}.AppStore|iPhone.ActiveCfg = Release|x86
		{B0514960-9B08-400A-833B-EFCAB7619771}.AppStore|iPhone.Build.0 = Release|x86
		{B0514960-9B08-400A-833B-EFCAB7619771}.AppStore|iPhone.Deploy.0 = Release|x86
		{B0514960-9B08-400A-833B-EFCAB7619771}.AppStore|iPhoneSimulator.ActiveCfg = Release|x86
		{B0514960-9B08-400A-833B-EFCAB7619771}.AppStore|iPhoneSimulator.Build.0 = Release|x86
		{B0514960-9B08-400A-833B-EFCAB7619771}.AppStore|iPhoneSimulator.Deploy.0 = Release|x86
		{B0514960-9B08-400A-833B-EFCAB7619771}.AppStore|x64.ActiveCfg = Release|x64
		{B0514960-9B08-400A-833B-EFCAB7619771}.AppStore|x64.Build.0 = Release|x64
		{B0514960-9B08-400A-833B-EFCAB7619771}.AppStore|x64.Deploy.0 = Release|x64
		{B0514960-9B08-400A-833B-EFCAB7619771}.AppStore|x86.ActiveCfg = Release|x86
		{B0514960-9B08-400A-833B-EFCAB7619771}.AppStore|x86.Build.0 = Release|x86
		{B0514960-9B08-400A-833B-EFCAB7619771}.AppStore|x86.Deploy.0 = Release|x86
		{B0514960-9B08-400A-833B-EFCAB7619771}.Debug|Any CPU.ActiveCfg = Debug|x86
		{B0514960-9B08-400A-833B-EFCAB7619771}.Debug|ARM.ActiveCfg = Debug|ARM
		{B0514960-9B08-400A-833B-EFCAB7619771}.Debug|ARM.Build.0 = Debug|ARM
		{B0514960-9B08-400A-833B-EFCAB7619771}.Debug|ARM.Deploy.0 = Debug|ARM
		{B0514960-9B08-400A-833B-EFCAB7619771}.Debug|iPhone.ActiveCfg = Debug|x86
		{B0514960-9B08-400A-833B-EFCAB7619771}.Debug|iPhoneSimulator.ActiveCfg = Debug|x86
		{B0514960-9B08-400A-833B-EFCAB7619771}.Debug|x64.ActiveCfg = Debug|x64
		{B0514960-9B08-400A-833B-EFCAB7619771}.Debug|x64.Build.0 = Debug|x64
		{B0514960-9B08-400A-833B-EFCAB7619771}.Debug|x64.Deploy.0 = Debug|x64
		{B0514960-9B08-400A-833B-EFCAB7619771}.Debug|x86.ActiveCfg = Debug|x86
		{B0514960-9B08-400A-833B-EFCAB7619771}.Debug|x86.Build.0 = Debug|x86
		{B0514960-9B08-400A-833B-EFCAB7619771}.Debug|x86.Deploy.0 = Debug|x86
		{B0514960-9B08-400A-833B-EFCAB7619771}.Release|Any CPU.ActiveCfg = Release|x86
		{B0514960-9B08-400A-833B-EFCAB7619771}.Release|ARM.ActiveCfg = Release|ARM
		{B0514960-9B08-400A-833B-EFCAB7619771}.Release|ARM.Build.0 = Release|ARM
		{B0514960-9B08-400A-833B-EFCAB7619771}.Release|ARM.Deploy.0 = Release|ARM
		{B0514960-9B08-400A-833B-EFCAB7619771}.Release|iPhone.ActiveCfg = Release|x86
		{B0514960-9B08-400A-833B-EFCAB7619771}.Release|iPhoneSimulator.ActiveCfg = Release|x86
		{B0514960-9B08-400A-833B-EFCAB7619771}.Release|x64.ActiveCfg = Release|x64
		{B0514960-9B08-400A-833B-EFCAB7619771}.Release|x64.Build.0 = Release|x64
		{B0514960-9B08-400A-833B-EFCAB7619771}.Release|x64.Deploy.0 = Release|x64
		{B0514960-9B08-400A-833B-EFCAB7619771}.Release|x86.ActiveCfg = Release|x86
		{B0514960-9B08-400A-833B-EFCAB7619771}.Release|x86.Build.0 = Release|x86
		{B0514960-9B08-400A-833B-EFCAB7619771}.Release|x86.Deploy.0 = Release|x86
		{81FE1E13-F741-454C-87CA-0DB1D48E128F}.Ad-Hoc|Any CPU.ActiveCfg = Ad-Hoc|iPhone
		{81FE1E13-F741-454C-87CA-0DB1D48E128F}.Ad-Hoc|ARM.ActiveCfg = Ad-Hoc|iPhone
		{81FE1E13-F741-454C-87CA-0DB1D48E128F}.Ad-Hoc|iPhone.ActiveCfg = Ad-Hoc|iPhone
		{81FE1E13-F741-454C-87CA-0DB1D48E128F}.Ad-Hoc|iPhone.Build.0 = Ad-Hoc|iPhone
		{81FE1E13-F741-454C-87CA-0DB1D48E128F}.Ad-Hoc|iPhoneSimulator.ActiveCfg = Ad-Hoc|iPhoneSimulator
		{81FE1E13-F741-454C-87CA-0DB1D48E128F}.Ad-Hoc|iPhoneSimulator.Build.0 = Ad-Hoc|iPhoneSimulator
		{81FE1E13-F741-454C-87CA-0DB1D48E128F}.Ad-Hoc|x64.ActiveCfg = Ad-Hoc|iPhone
		{81FE1E13-F741-454C-87CA-0DB1D48E128F}.Ad-Hoc|x86.ActiveCfg = Ad-Hoc|iPhone
		{81FE1E13-F741-454C-87CA-0DB1D48E128F}.AppStore|Any CPU.ActiveCfg = AppStore|iPhone
		{81FE1E13-F741-454C-87CA-0DB1D48E128F}.AppStore|ARM.ActiveCfg = AppStore|iPhone
		{81FE1E13-F741-454C-87CA-0DB1D48E128F}.AppStore|iPhone.ActiveCfg = AppStore|iPhone
		{81FE1E13-F741-454C-87CA-0DB1D48E128F}.AppStore|iPhone.Build.0 = AppStore|iPhone
		{81FE1E13-F741-454C-87CA-0DB1D48E128F}.AppStore|iPhoneSimulator.ActiveCfg = AppStore|iPhoneSimulator
		{81FE1E13-F741-454C-87CA-0DB1D48E128F}.AppStore|iPhoneSimulator.Build.0 = AppStore|iPhoneSimulator
		{81FE1E13-F741-454C-87CA-0DB1D48E128F}.AppStore|x64.ActiveCfg = AppStore|iPhone
		{81FE1E13-F741-454C-87CA-0DB1D48E128F}.AppStore|x86.ActiveCfg = AppStore|iPhone
		{81FE1E13-F741-454C-87CA-0DB1D48E128F}.Debug|Any CPU.ActiveCfg = Debug|iPhone
		{81FE1E13-F741-454C-87CA-0DB1D48E128F}.Debug|ARM.ActiveCfg = Debug|iPhone
		{81FE1E13-F741-454C-87CA-0DB1D48E128F}.Debug|iPhone.ActiveCfg = Debug|iPhone
		{81FE1E13-F741-454C-87CA-0DB1D48E128F}.Debug|iPhone.Build.0 = Debug|iPhone
		{81FE1E13-F741-454C-87CA-0DB1D48E128F}.Debug|iPhoneSimulator.ActiveCfg = Debug|iPhoneSimulator
		{81FE1E13-F741-454C-87CA-0DB1D48E128F}.Debug|iPhoneSimulator.Build.0 = Debug|iPhoneSimulator
		{81FE1E13-F741-454C-87CA-0DB1D48E128F}.Debug|x64.ActiveCfg = Debug|iPhone
		{81FE1E13-F741-454C-87CA-0DB1D48E128F}.Debug|x86.ActiveCfg = Debug|iPhone
		{81FE1E13-F741-454C-87CA-0DB1D48E128F}.Release|Any CPU.ActiveCfg = Release|iPhone
		{81FE1E13-F741-454C-87CA-0DB1D48E128F}.Release|ARM.ActiveCfg = Release|iPhone
		{81FE1E13-F741-454C-87CA-0DB1D48E128F}.Release|iPhone.ActiveCfg = Release|iPhone
		{81FE1E13-F741-454C-87CA-0DB1D48E128F}.Release|iPhone.Build.0 = Release|iPhone
		{81FE1E13-F741-454C-87CA-0DB1D48E128F}.Release|iPhoneSimulator.ActiveCfg = Release|iPhoneSimulator
		{81FE1E13-F741-454C-87CA-0DB1D48E128F}.Release|iPhoneSimulator.Build.0 = Release|iPhoneSimulator
		{81FE1E13-F741-454C-87CA-0DB1D48E128F}.Release|x64.ActiveCfg = Release|iPhone
		{81FE1E13-F741-454C-87CA-0DB1D48E128F}.Release|x86.ActiveCfg = Release|iPhone
		{67F9D3A8-F71E-4428-913F-C37AE82CDB24}.Ad-Hoc|Any CPU.ActiveCfg = Release|Any CPU
		{67F9D3A8-F71E-4428-913F-C37AE82CDB24}.Ad-Hoc|Any CPU.Build.0 = Release|Any CPU
		{67F9D3A8-F71E-4428-913F-C37AE82CDB24}.Ad-Hoc|ARM.ActiveCfg = Release|Any CPU
		{67F9D3A8-F71E-4428-913F-C37AE82CDB24}.Ad-Hoc|ARM.Build.0 = Release|Any CPU
		{67F9D3A8-F71E-4428-913F-C37AE82CDB24}.Ad-Hoc|iPhone.ActiveCfg = Release|Any CPU
		{67F9D3A8-F71E-4428-913F-C37AE82CDB24}.Ad-Hoc|iPhone.Build.0 = Release|Any CPU
		{67F9D3A8-F71E-4428-913F-C37AE82CDB24}.Ad-Hoc|iPhoneSimulator.ActiveCfg = Release|Any CPU
		{67F9D3A8-F71E-4428-913F-C37AE82CDB24}.Ad-Hoc|iPhoneSimulator.Build.0 = Release|Any CPU
		{67F9D3A8-F71E-4428-913F-C37AE82CDB24}.Ad-Hoc|x64.ActiveCfg = Release|Any CPU
		{67F9D3A8-F71E-4428-913F-C37AE82CDB24}.Ad-Hoc|x64.Build.0 = Release|Any CPU
		{67F9D3A8-F71E-4428-913F-C37AE82CDB24}.Ad-Hoc|x86.ActiveCfg = Release|Any CPU
		{67F9D3A8-F71E-4428-913F-C37AE82CDB24}.Ad-Hoc|x86.Build.0 = Release|Any CPU
		{67F9D3A8-F71E-4428-913F-C37AE82CDB24}.AppStore|Any CPU.ActiveCfg = Release|Any CPU
		{67F9D3A8-F71E-4428-913F-C37AE82CDB24}.AppStore|Any CPU.Build.0 = Release|Any CPU
		{67F9D3A8-F71E-4428-913F-C37AE82CDB24}.AppStore|ARM.ActiveCfg = Release|Any CPU
		{67F9D3A8-F71E-4428-913F-C37AE82CDB24}.AppStore|ARM.Build.0 = Release|Any CPU
		{67F9D3A8-F71E-4428-913F-C37AE82CDB24}.AppStore|iPhone.ActiveCfg = Release|Any CPU
		{67F9D3A8-F71E-4428-913F-C37AE82CDB24}.AppStore|iPhone.Build.0 = Release|Any CPU
		{67F9D3A8-F71E-4428-913F-C37AE82CDB24}.AppStore|iPhoneSimulator.ActiveCfg = Release|Any CPU
		{67F9D3A8-F71E-4428-913F-C37AE82CDB24}.AppStore|iPhoneSimulator.Build.0 = Release|Any CPU
		{67F9D3A8-F71E-4428-913F-C37AE82CDB24}.AppStore|x64.ActiveCfg = Release|Any CPU
		{67F9D3A8-F71E-4428-913F-C37AE82CDB24}.AppStore|x64.Build.0 = Release|Any CPU
		{67F9D3A8-F71E-4428-913F-C37AE82CDB24}.AppStore|x86.ActiveCfg = Release|Any CPU
		{67F9D3A8-F71E-4428-913F-C37AE82CDB24}.AppStore|x86.Build.0 = Release|Any CPU
		{67F9D3A8-F71E-4428-913F-C37AE82CDB24}.Debug|Any CPU.ActiveCfg = Debug|Any CPU
		{67F9D3A8-F71E-4428-913F-C37AE82CDB24}.Debug|Any CPU.Build.0 = Debug|Any CPU
		{67F9D3A8-F71E-4428-913F-C37AE82CDB24}.Debug|ARM.ActiveCfg = Debug|Any CPU
		{67F9D3A8-F71E-4428-913F-C37AE82CDB24}.Debug|ARM.Build.0 = Debug|Any CPU
		{67F9D3A8-F71E-4428-913F-C37AE82CDB24}.Debug|iPhone.ActiveCfg = Debug|Any CPU
		{67F9D3A8-F71E-4428-913F-C37AE82CDB24}.Debug|iPhone.Build.0 = Debug|Any CPU
		{67F9D3A8-F71E-4428-913F-C37AE82CDB24}.Debug|iPhoneSimulator.ActiveCfg = Debug|Any CPU
		{67F9D3A8-F71E-4428-913F-C37AE82CDB24}.Debug|iPhoneSimulator.Build.0 = Debug|Any CPU
		{67F9D3A8-F71E-4428-913F-C37AE82CDB24}.Debug|x64.ActiveCfg = Debug|Any CPU
		{67F9D3A8-F71E-4428-913F-C37AE82CDB24}.Debug|x64.Build.0 = Debug|Any CPU
		{67F9D3A8-F71E-4428-913F-C37AE82CDB24}.Debug|x86.ActiveCfg = Debug|Any CPU
		{67F9D3A8-F71E-4428-913F-C37AE82CDB24}.Debug|x86.Build.0 = Debug|Any CPU
		{67F9D3A8-F71E-4428-913F-C37AE82CDB24}.Release|Any CPU.ActiveCfg = Release|Any CPU
		{67F9D3A8-F71E-4428-913F-C37AE82CDB24}.Release|Any CPU.Build.0 = Release|Any CPU
		{67F9D3A8-F71E-4428-913F-C37AE82CDB24}.Release|ARM.ActiveCfg = Release|Any CPU
		{67F9D3A8-F71E-4428-913F-C37AE82CDB24}.Release|ARM.Build.0 = Release|Any CPU
		{67F9D3A8-F71E-4428-913F-C37AE82CDB24}.Release|iPhone.ActiveCfg = Release|Any CPU
		{67F9D3A8-F71E-4428-913F-C37AE82CDB24}.Release|iPhone.Build.0 = Release|Any CPU
		{67F9D3A8-F71E-4428-913F-C37AE82CDB24}.Release|iPhoneSimulator.ActiveCfg = Release|Any CPU
		{67F9D3A8-F71E-4428-913F-C37AE82CDB24}.Release|iPhoneSimulator.Build.0 = Release|Any CPU
		{67F9D3A8-F71E-4428-913F-C37AE82CDB24}.Release|x64.ActiveCfg = Release|Any CPU
		{67F9D3A8-F71E-4428-913F-C37AE82CDB24}.Release|x64.Build.0 = Release|Any CPU
		{67F9D3A8-F71E-4428-913F-C37AE82CDB24}.Release|x86.ActiveCfg = Release|Any CPU
		{67F9D3A8-F71E-4428-913F-C37AE82CDB24}.Release|x86.Build.0 = Release|Any CPU
		{217DD708-6929-48AD-9B43-A469FD251CC7}.Ad-Hoc|Any CPU.ActiveCfg = Release|Any CPU
		{217DD708-6929-48AD-9B43-A469FD251CC7}.Ad-Hoc|Any CPU.Build.0 = Release|Any CPU
		{217DD708-6929-48AD-9B43-A469FD251CC7}.Ad-Hoc|ARM.ActiveCfg = Release|Any CPU
		{217DD708-6929-48AD-9B43-A469FD251CC7}.Ad-Hoc|ARM.Build.0 = Release|Any CPU
		{217DD708-6929-48AD-9B43-A469FD251CC7}.Ad-Hoc|iPhone.ActiveCfg = Release|Any CPU
		{217DD708-6929-48AD-9B43-A469FD251CC7}.Ad-Hoc|iPhone.Build.0 = Release|Any CPU
		{217DD708-6929-48AD-9B43-A469FD251CC7}.Ad-Hoc|iPhoneSimulator.ActiveCfg = Release|Any CPU
		{217DD708-6929-48AD-9B43-A469FD251CC7}.Ad-Hoc|iPhoneSimulator.Build.0 = Release|Any CPU
		{217DD708-6929-48AD-9B43-A469FD251CC7}.Ad-Hoc|x64.ActiveCfg = Release|Any CPU
		{217DD708-6929-48AD-9B43-A469FD251CC7}.Ad-Hoc|x64.Build.0 = Release|Any CPU
		{217DD708-6929-48AD-9B43-A469FD251CC7}.Ad-Hoc|x86.ActiveCfg = Release|Any CPU
		{217DD708-6929-48AD-9B43-A469FD251CC7}.Ad-Hoc|x86.Build.0 = Release|Any CPU
		{217DD708-6929-48AD-9B43-A469FD251CC7}.AppStore|Any CPU.ActiveCfg = Release|Any CPU
		{217DD708-6929-48AD-9B43-A469FD251CC7}.AppStore|Any CPU.Build.0 = Release|Any CPU
		{217DD708-6929-48AD-9B43-A469FD251CC7}.AppStore|ARM.ActiveCfg = Release|Any CPU
		{217DD708-6929-48AD-9B43-A469FD251CC7}.AppStore|ARM.Build.0 = Release|Any CPU
		{217DD708-6929-48AD-9B43-A469FD251CC7}.AppStore|iPhone.ActiveCfg = Release|Any CPU
		{217DD708-6929-48AD-9B43-A469FD251CC7}.AppStore|iPhone.Build.0 = Release|Any CPU
		{217DD708-6929-48AD-9B43-A469FD251CC7}.AppStore|iPhoneSimulator.ActiveCfg = Release|Any CPU
		{217DD708-6929-48AD-9B43-A469FD251CC7}.AppStore|iPhoneSimulator.Build.0 = Release|Any CPU
		{217DD708-6929-48AD-9B43-A469FD251CC7}.AppStore|x64.ActiveCfg = Release|Any CPU
		{217DD708-6929-48AD-9B43-A469FD251CC7}.AppStore|x64.Build.0 = Release|Any CPU
		{217DD708-6929-48AD-9B43-A469FD251CC7}.AppStore|x86.ActiveCfg = Release|Any CPU
		{217DD708-6929-48AD-9B43-A469FD251CC7}.AppStore|x86.Build.0 = Release|Any CPU
		{217DD708-6929-48AD-9B43-A469FD251CC7}.Debug|Any CPU.ActiveCfg = Debug|Any CPU
		{217DD708-6929-48AD-9B43-A469FD251CC7}.Debug|Any CPU.Build.0 = Debug|Any CPU
		{217DD708-6929-48AD-9B43-A469FD251CC7}.Debug|ARM.ActiveCfg = Debug|Any CPU
		{217DD708-6929-48AD-9B43-A469FD251CC7}.Debug|ARM.Build.0 = Debug|Any CPU
		{217DD708-6929-48AD-9B43-A469FD251CC7}.Debug|iPhone.ActiveCfg = Debug|Any CPU
		{217DD708-6929-48AD-9B43-A469FD251CC7}.Debug|iPhone.Build.0 = Debug|Any CPU
		{217DD708-6929-48AD-9B43-A469FD251CC7}.Debug|iPhoneSimulator.ActiveCfg = Debug|Any CPU
		{217DD708-6929-48AD-9B43-A469FD251CC7}.Debug|iPhoneSimulator.Build.0 = Debug|Any CPU
		{217DD708-6929-48AD-9B43-A469FD251CC7}.Debug|x64.ActiveCfg = Debug|Any CPU
		{217DD708-6929-48AD-9B43-A469FD251CC7}.Debug|x64.Build.0 = Debug|Any CPU
		{217DD708-6929-48AD-9B43-A469FD251CC7}.Debug|x86.ActiveCfg = Debug|Any CPU
		{217DD708-6929-48AD-9B43-A469FD251CC7}.Debug|x86.Build.0 = Debug|Any CPU
		{217DD708-6929-48AD-9B43-A469FD251CC7}.Release|Any CPU.ActiveCfg = Release|Any CPU
		{217DD708-6929-48AD-9B43-A469FD251CC7}.Release|Any CPU.Build.0 = Release|Any CPU
		{217DD708-6929-48AD-9B43-A469FD251CC7}.Release|ARM.ActiveCfg = Release|Any CPU
		{217DD708-6929-48AD-9B43-A469FD251CC7}.Release|ARM.Build.0 = Release|Any CPU
		{217DD708-6929-48AD-9B43-A469FD251CC7}.Release|iPhone.ActiveCfg = Release|Any CPU
		{217DD708-6929-48AD-9B43-A469FD251CC7}.Release|iPhone.Build.0 = Release|Any CPU
		{217DD708-6929-48AD-9B43-A469FD251CC7}.Release|iPhoneSimulator.ActiveCfg = Release|Any CPU
		{217DD708-6929-48AD-9B43-A469FD251CC7}.Release|iPhoneSimulator.Build.0 = Release|Any CPU
		{217DD708-6929-48AD-9B43-A469FD251CC7}.Release|x64.ActiveCfg = Release|Any CPU
		{217DD708-6929-48AD-9B43-A469FD251CC7}.Release|x64.Build.0 = Release|Any CPU
		{217DD708-6929-48AD-9B43-A469FD251CC7}.Release|x86.ActiveCfg = Release|Any CPU
		{217DD708-6929-48AD-9B43-A469FD251CC7}.Release|x86.Build.0 = Release|Any CPU
		{EADA9628-A4E4-40B0-A362-8FBDE4931C22}.Ad-Hoc|Any CPU.ActiveCfg = Release|Any CPU
		{EADA9628-A4E4-40B0-A362-8FBDE4931C22}.Ad-Hoc|Any CPU.Build.0 = Release|Any CPU
		{EADA9628-A4E4-40B0-A362-8FBDE4931C22}.Ad-Hoc|ARM.ActiveCfg = Release|Any CPU
		{EADA9628-A4E4-40B0-A362-8FBDE4931C22}.Ad-Hoc|ARM.Build.0 = Release|Any CPU
		{EADA9628-A4E4-40B0-A362-8FBDE4931C22}.Ad-Hoc|iPhone.ActiveCfg = Release|Any CPU
		{EADA9628-A4E4-40B0-A362-8FBDE4931C22}.Ad-Hoc|iPhone.Build.0 = Release|Any CPU
		{EADA9628-A4E4-40B0-A362-8FBDE4931C22}.Ad-Hoc|iPhoneSimulator.ActiveCfg = Release|Any CPU
		{EADA9628-A4E4-40B0-A362-8FBDE4931C22}.Ad-Hoc|iPhoneSimulator.Build.0 = Release|Any CPU
		{EADA9628-A4E4-40B0-A362-8FBDE4931C22}.Ad-Hoc|x64.ActiveCfg = Release|Any CPU
		{EADA9628-A4E4-40B0-A362-8FBDE4931C22}.Ad-Hoc|x64.Build.0 = Release|Any CPU
		{EADA9628-A4E4-40B0-A362-8FBDE4931C22}.Ad-Hoc|x86.ActiveCfg = Release|Any CPU
		{EADA9628-A4E4-40B0-A362-8FBDE4931C22}.Ad-Hoc|x86.Build.0 = Release|Any CPU
		{EADA9628-A4E4-40B0-A362-8FBDE4931C22}.AppStore|Any CPU.ActiveCfg = Release|Any CPU
		{EADA9628-A4E4-40B0-A362-8FBDE4931C22}.AppStore|Any CPU.Build.0 = Release|Any CPU
		{EADA9628-A4E4-40B0-A362-8FBDE4931C22}.AppStore|ARM.ActiveCfg = Release|Any CPU
		{EADA9628-A4E4-40B0-A362-8FBDE4931C22}.AppStore|ARM.Build.0 = Release|Any CPU
		{EADA9628-A4E4-40B0-A362-8FBDE4931C22}.AppStore|iPhone.ActiveCfg = Release|Any CPU
		{EADA9628-A4E4-40B0-A362-8FBDE4931C22}.AppStore|iPhone.Build.0 = Release|Any CPU
		{EADA9628-A4E4-40B0-A362-8FBDE4931C22}.AppStore|iPhoneSimulator.ActiveCfg = Release|Any CPU
		{EADA9628-A4E4-40B0-A362-8FBDE4931C22}.AppStore|iPhoneSimulator.Build.0 = Release|Any CPU
		{EADA9628-A4E4-40B0-A362-8FBDE4931C22}.AppStore|x64.ActiveCfg = Release|Any CPU
		{EADA9628-A4E4-40B0-A362-8FBDE4931C22}.AppStore|x64.Build.0 = Release|Any CPU
		{EADA9628-A4E4-40B0-A362-8FBDE4931C22}.AppStore|x86.ActiveCfg = Release|Any CPU
		{EADA9628-A4E4-40B0-A362-8FBDE4931C22}.AppStore|x86.Build.0 = Release|Any CPU
		{EADA9628-A4E4-40B0-A362-8FBDE4931C22}.Debug|Any CPU.ActiveCfg = Debug|Any CPU
		{EADA9628-A4E4-40B0-A362-8FBDE4931C22}.Debug|Any CPU.Build.0 = Debug|Any CPU
		{EADA9628-A4E4-40B0-A362-8FBDE4931C22}.Debug|ARM.ActiveCfg = Debug|Any CPU
		{EADA9628-A4E4-40B0-A362-8FBDE4931C22}.Debug|ARM.Build.0 = Debug|Any CPU
		{EADA9628-A4E4-40B0-A362-8FBDE4931C22}.Debug|iPhone.ActiveCfg = Debug|Any CPU
		{EADA9628-A4E4-40B0-A362-8FBDE4931C22}.Debug|iPhone.Build.0 = Debug|Any CPU
		{EADA9628-A4E4-40B0-A362-8FBDE4931C22}.Debug|iPhoneSimulator.ActiveCfg = Debug|Any CPU
		{EADA9628-A4E4-40B0-A362-8FBDE4931C22}.Debug|iPhoneSimulator.Build.0 = Debug|Any CPU
		{EADA9628-A4E4-40B0-A362-8FBDE4931C22}.Debug|x64.ActiveCfg = Debug|Any CPU
		{EADA9628-A4E4-40B0-A362-8FBDE4931C22}.Debug|x64.Build.0 = Debug|Any CPU
		{EADA9628-A4E4-40B0-A362-8FBDE4931C22}.Debug|x86.ActiveCfg = Debug|Any CPU
		{EADA9628-A4E4-40B0-A362-8FBDE4931C22}.Debug|x86.Build.0 = Debug|Any CPU
		{EADA9628-A4E4-40B0-A362-8FBDE4931C22}.Release|Any CPU.ActiveCfg = Release|Any CPU
		{EADA9628-A4E4-40B0-A362-8FBDE4931C22}.Release|Any CPU.Build.0 = Release|Any CPU
		{EADA9628-A4E4-40B0-A362-8FBDE4931C22}.Release|ARM.ActiveCfg = Release|Any CPU
		{EADA9628-A4E4-40B0-A362-8FBDE4931C22}.Release|ARM.Build.0 = Release|Any CPU
		{EADA9628-A4E4-40B0-A362-8FBDE4931C22}.Release|iPhone.ActiveCfg = Release|Any CPU
		{EADA9628-A4E4-40B0-A362-8FBDE4931C22}.Release|iPhone.Build.0 = Release|Any CPU
		{EADA9628-A4E4-40B0-A362-8FBDE4931C22}.Release|iPhoneSimulator.ActiveCfg = Release|Any CPU
		{EADA9628-A4E4-40B0-A362-8FBDE4931C22}.Release|iPhoneSimulator.Build.0 = Release|Any CPU
		{EADA9628-A4E4-40B0-A362-8FBDE4931C22}.Release|x64.ActiveCfg = Release|Any CPU
		{EADA9628-A4E4-40B0-A362-8FBDE4931C22}.Release|x64.Build.0 = Release|Any CPU
		{EADA9628-A4E4-40B0-A362-8FBDE4931C22}.Release|x86.ActiveCfg = Release|Any CPU
		{EADA9628-A4E4-40B0-A362-8FBDE4931C22}.Release|x86.Build.0 = Release|Any CPU
	EndGlobalSection
	GlobalSection(SolutionProperties) = preSolution
		HideSolutionNode = FALSE
	EndGlobalSection
	GlobalSection(NestedProjects) = preSolution
		{67F9D3A8-F71E-4428-913F-C37AE82CDB24} = {2BFA7D54-F42F-4395-96DD-C407232F277D}
		{217DD708-6929-48AD-9B43-A469FD251CC7} = {2BFA7D54-F42F-4395-96DD-C407232F277D}
		{EADA9628-A4E4-40B0-A362-8FBDE4931C22} = {2BFA7D54-F42F-4395-96DD-C407232F277D}
	EndGlobalSection
	GlobalSection(ExtensibilityGlobals) = postSolution
		SolutionGuid = {1DD8FCE7-5F05-4A03-9F40-22FE439271A8}
	EndGlobalSection
EndGlobal
