
Microsoft Visual Studio Solution File, Format Version 12.00
# Visual Studio Version 17
VisualStudioVersion = 17.0.31912.275
MinimumVisualStudioVersion = 10.0.40219.1
Project("{FAE04EC0-301F-11D3-BF4B-00C04F79EFBC}") = "ActRec.Android", "ActRec\ActRec.Android\ActRec.Android.csproj", "{39870F7D-9368-4F3E-B7DA-0A90458CB715}"
EndProject
Project("{FAE04EC0-301F-11D3-BF4B-00C04F79EFBC}") = "ActRec.iOS", "ActRec\ActRec.iOS\ActRec.iOS.csproj", "{D519D51F-537F-4EA9-8C31-0826FF6CD840}"
EndProject
Project("{FAE04EC0-301F-11D3-BF4B-00C04F79EFBC}") = "ActRec.UWP", "ActRec\ActRec.UWP\ActRec.UWP.csproj", "{7E3509AC-14D7-4417-8623-21664035418C}"
EndProject
Project("{9A19103F-16F7-4668-BE54-9A1E7A4F7556}") = "ActRec", "ActRec\ActRec\ActRec.csproj", "{31FFBC31-26A6-4AA9-91FF-3178BF1765AF}"
EndProject
Project("{9A19103F-16F7-4668-BE54-9A1E7A4F7556}") = "StatList", "deps\StatList\StatList.csproj", "{67F9D3A8-F71E-4428-913F-C37AE82CDB24}"
EndProject
Project("{2150E333-8FDC-42A3-9474-1A3956D46DE8}") = "deps", "deps", "{7D82A1E3-5B8C-4950-A6D2-73784975D727}"
EndProject
Project("{9A19103F-16F7-4668-BE54-9A1E7A4F7556}") = "AdaptiveInterpolator", "deps\AdaptiveInterpolator\AdaptiveInterpolator.csproj", "{EADA9628-A4E4-40B0-A362-8FBDE4931C22}"
EndProject
Project("{9A19103F-16F7-4668-BE54-9A1E7A4F7556}") = "ActRec-UnitTests", "ActRec-UnitTests\ActRec-UnitTests.csproj", "{BB5B8D85-5E52-4BC8-AABD-D8BE732A9F8B}"
EndProject
Project("{9A19103F-16F7-4668-BE54-9A1E7A4F7556}") = "VisiPlacer", "deps\VisiPlacer\VisiPlacer\VisiPlacer.csproj", "{69EC4A5F-A26B-4DC5-A7AB-D1D7BDE9355C}"
EndProject
Project("{FAE04EC0-301F-11D3-BF4B-00C04F79EFBC}") = "VisiPlacer.Android", "deps\VisiPlacer\VisiPlacer.Android\VisiPlacer.Android.csproj", "{5911E1A9-9C98-42BA-9878-90ED3F946E57}"
EndProject
Project("{FAE04EC0-301F-11D3-BF4B-00C04F79EFBC}") = "VisiPlacer.UWP", "deps\VisiPlacer\VisiPlacer.UWP\VisiPlacer.UWP.csproj", "{9323F653-BB21-4967-9341-88DBAD2728C3}"
EndProject
Project("{FAE04EC0-301F-11D3-BF4B-00C04F79EFBC}") = "VisiPlacer.iOS", "deps\VisiPlacer\VisiPlacer.iOS\VisiPlacer.iOS.csproj", "{DE461A19-E352-4A79-855B-4FCC38DA6BB6}"
EndProject
Global
	GlobalSection(SolutionConfigurationPlatforms) = preSolution
		Ad-Hoc|Any CPU = Ad-Hoc|Any CPU
		Ad-Hoc|ARM = Ad-Hoc|ARM
		Ad-Hoc|ARM64 = Ad-Hoc|ARM64
		Ad-Hoc|iPhone = Ad-Hoc|iPhone
		Ad-Hoc|iPhoneSimulator = Ad-Hoc|iPhoneSimulator
		Ad-Hoc|x64 = Ad-Hoc|x64
		Ad-Hoc|x86 = Ad-Hoc|x86
		AppStore|Any CPU = AppStore|Any CPU
		AppStore|ARM = AppStore|ARM
		AppStore|ARM64 = AppStore|ARM64
		AppStore|iPhone = AppStore|iPhone
		AppStore|iPhoneSimulator = AppStore|iPhoneSimulator
		AppStore|x64 = AppStore|x64
		AppStore|x86 = AppStore|x86
		Debug|Any CPU = Debug|Any CPU
		Debug|ARM = Debug|ARM
		Debug|ARM64 = Debug|ARM64
		Debug|iPhone = Debug|iPhone
		Debug|iPhoneSimulator = Debug|iPhoneSimulator
		Debug|x64 = Debug|x64
		Debug|x86 = Debug|x86
		Release|Any CPU = Release|Any CPU
		Release|ARM = Release|ARM
		Release|ARM64 = Release|ARM64
		Release|iPhone = Release|iPhone
		Release|iPhoneSimulator = Release|iPhoneSimulator
		Release|x64 = Release|x64
		Release|x86 = Release|x86
	EndGlobalSection
	GlobalSection(ProjectConfigurationPlatforms) = postSolution
		{39870F7D-9368-4F3E-B7DA-0A90458CB715}.Ad-Hoc|Any CPU.ActiveCfg = Release|Any CPU
		{39870F7D-9368-4F3E-B7DA-0A90458CB715}.Ad-Hoc|Any CPU.Build.0 = Release|Any CPU
		{39870F7D-9368-4F3E-B7DA-0A90458CB715}.Ad-Hoc|Any CPU.Deploy.0 = Release|Any CPU
		{39870F7D-9368-4F3E-B7DA-0A90458CB715}.Ad-Hoc|ARM.ActiveCfg = Release|Any CPU
		{39870F7D-9368-4F3E-B7DA-0A90458CB715}.Ad-Hoc|ARM.Build.0 = Release|Any CPU
		{39870F7D-9368-4F3E-B7DA-0A90458CB715}.Ad-Hoc|ARM.Deploy.0 = Release|Any CPU
		{39870F7D-9368-4F3E-B7DA-0A90458CB715}.Ad-Hoc|ARM64.ActiveCfg = Debug|Any CPU
		{39870F7D-9368-4F3E-B7DA-0A90458CB715}.Ad-Hoc|ARM64.Build.0 = Debug|Any CPU
		{39870F7D-9368-4F3E-B7DA-0A90458CB715}.Ad-Hoc|ARM64.Deploy.0 = Debug|Any CPU
		{39870F7D-9368-4F3E-B7DA-0A90458CB715}.Ad-Hoc|iPhone.ActiveCfg = Release|Any CPU
		{39870F7D-9368-4F3E-B7DA-0A90458CB715}.Ad-Hoc|iPhone.Build.0 = Release|Any CPU
		{39870F7D-9368-4F3E-B7DA-0A90458CB715}.Ad-Hoc|iPhone.Deploy.0 = Release|Any CPU
		{39870F7D-9368-4F3E-B7DA-0A90458CB715}.Ad-Hoc|iPhoneSimulator.ActiveCfg = Release|Any CPU
		{39870F7D-9368-4F3E-B7DA-0A90458CB715}.Ad-Hoc|iPhoneSimulator.Build.0 = Release|Any CPU
		{39870F7D-9368-4F3E-B7DA-0A90458CB715}.Ad-Hoc|iPhoneSimulator.Deploy.0 = Release|Any CPU
		{39870F7D-9368-4F3E-B7DA-0A90458CB715}.Ad-Hoc|x64.ActiveCfg = Release|Any CPU
		{39870F7D-9368-4F3E-B7DA-0A90458CB715}.Ad-Hoc|x64.Build.0 = Release|Any CPU
		{39870F7D-9368-4F3E-B7DA-0A90458CB715}.Ad-Hoc|x64.Deploy.0 = Release|Any CPU
		{39870F7D-9368-4F3E-B7DA-0A90458CB715}.Ad-Hoc|x86.ActiveCfg = Release|Any CPU
		{39870F7D-9368-4F3E-B7DA-0A90458CB715}.Ad-Hoc|x86.Build.0 = Release|Any CPU
		{39870F7D-9368-4F3E-B7DA-0A90458CB715}.Ad-Hoc|x86.Deploy.0 = Release|Any CPU
		{39870F7D-9368-4F3E-B7DA-0A90458CB715}.AppStore|Any CPU.ActiveCfg = Release|Any CPU
		{39870F7D-9368-4F3E-B7DA-0A90458CB715}.AppStore|Any CPU.Build.0 = Release|Any CPU
		{39870F7D-9368-4F3E-B7DA-0A90458CB715}.AppStore|Any CPU.Deploy.0 = Release|Any CPU
		{39870F7D-9368-4F3E-B7DA-0A90458CB715}.AppStore|ARM.ActiveCfg = Release|Any CPU
		{39870F7D-9368-4F3E-B7DA-0A90458CB715}.AppStore|ARM.Build.0 = Release|Any CPU
		{39870F7D-9368-4F3E-B7DA-0A90458CB715}.AppStore|ARM.Deploy.0 = Release|Any CPU
		{39870F7D-9368-4F3E-B7DA-0A90458CB715}.AppStore|ARM64.ActiveCfg = Debug|Any CPU
		{39870F7D-9368-4F3E-B7DA-0A90458CB715}.AppStore|ARM64.Build.0 = Debug|Any CPU
		{39870F7D-9368-4F3E-B7DA-0A90458CB715}.AppStore|ARM64.Deploy.0 = Debug|Any CPU
		{39870F7D-9368-4F3E-B7DA-0A90458CB715}.AppStore|iPhone.ActiveCfg = Release|Any CPU
		{39870F7D-9368-4F3E-B7DA-0A90458CB715}.AppStore|iPhone.Build.0 = Release|Any CPU
		{39870F7D-9368-4F3E-B7DA-0A90458CB715}.AppStore|iPhone.Deploy.0 = Release|Any CPU
		{39870F7D-9368-4F3E-B7DA-0A90458CB715}.AppStore|iPhoneSimulator.ActiveCfg = Release|Any CPU
		{39870F7D-9368-4F3E-B7DA-0A90458CB715}.AppStore|iPhoneSimulator.Build.0 = Release|Any CPU
		{39870F7D-9368-4F3E-B7DA-0A90458CB715}.AppStore|iPhoneSimulator.Deploy.0 = Release|Any CPU
		{39870F7D-9368-4F3E-B7DA-0A90458CB715}.AppStore|x64.ActiveCfg = Release|Any CPU
		{39870F7D-9368-4F3E-B7DA-0A90458CB715}.AppStore|x64.Build.0 = Release|Any CPU
		{39870F7D-9368-4F3E-B7DA-0A90458CB715}.AppStore|x64.Deploy.0 = Release|Any CPU
		{39870F7D-9368-4F3E-B7DA-0A90458CB715}.AppStore|x86.ActiveCfg = Release|Any CPU
		{39870F7D-9368-4F3E-B7DA-0A90458CB715}.AppStore|x86.Build.0 = Release|Any CPU
		{39870F7D-9368-4F3E-B7DA-0A90458CB715}.AppStore|x86.Deploy.0 = Release|Any CPU
		{39870F7D-9368-4F3E-B7DA-0A90458CB715}.Debug|Any CPU.ActiveCfg = Debug|Any CPU
		{39870F7D-9368-4F3E-B7DA-0A90458CB715}.Debug|Any CPU.Build.0 = Debug|Any CPU
		{39870F7D-9368-4F3E-B7DA-0A90458CB715}.Debug|Any CPU.Deploy.0 = Debug|Any CPU
		{39870F7D-9368-4F3E-B7DA-0A90458CB715}.Debug|ARM.ActiveCfg = Debug|Any CPU
		{39870F7D-9368-4F3E-B7DA-0A90458CB715}.Debug|ARM.Build.0 = Debug|Any CPU
		{39870F7D-9368-4F3E-B7DA-0A90458CB715}.Debug|ARM.Deploy.0 = Debug|Any CPU
		{39870F7D-9368-4F3E-B7DA-0A90458CB715}.Debug|ARM64.ActiveCfg = Debug|Any CPU
		{39870F7D-9368-4F3E-B7DA-0A90458CB715}.Debug|ARM64.Build.0 = Debug|Any CPU
		{39870F7D-9368-4F3E-B7DA-0A90458CB715}.Debug|ARM64.Deploy.0 = Debug|Any CPU
		{39870F7D-9368-4F3E-B7DA-0A90458CB715}.Debug|iPhone.ActiveCfg = Debug|Any CPU
		{39870F7D-9368-4F3E-B7DA-0A90458CB715}.Debug|iPhone.Build.0 = Debug|Any CPU
		{39870F7D-9368-4F3E-B7DA-0A90458CB715}.Debug|iPhone.Deploy.0 = Debug|Any CPU
		{39870F7D-9368-4F3E-B7DA-0A90458CB715}.Debug|iPhoneSimulator.ActiveCfg = Debug|Any CPU
		{39870F7D-9368-4F3E-B7DA-0A90458CB715}.Debug|iPhoneSimulator.Build.0 = Debug|Any CPU
		{39870F7D-9368-4F3E-B7DA-0A90458CB715}.Debug|iPhoneSimulator.Deploy.0 = Debug|Any CPU
		{39870F7D-9368-4F3E-B7DA-0A90458CB715}.Debug|x64.ActiveCfg = Debug|Any CPU
		{39870F7D-9368-4F3E-B7DA-0A90458CB715}.Debug|x64.Build.0 = Debug|Any CPU
		{39870F7D-9368-4F3E-B7DA-0A90458CB715}.Debug|x64.Deploy.0 = Debug|Any CPU
		{39870F7D-9368-4F3E-B7DA-0A90458CB715}.Debug|x86.ActiveCfg = Debug|Any CPU
		{39870F7D-9368-4F3E-B7DA-0A90458CB715}.Debug|x86.Build.0 = Debug|Any CPU
		{39870F7D-9368-4F3E-B7DA-0A90458CB715}.Debug|x86.Deploy.0 = Debug|Any CPU
		{39870F7D-9368-4F3E-B7DA-0A90458CB715}.Release|Any CPU.ActiveCfg = Release|Any CPU
		{39870F7D-9368-4F3E-B7DA-0A90458CB715}.Release|Any CPU.Build.0 = Release|Any CPU
		{39870F7D-9368-4F3E-B7DA-0A90458CB715}.Release|Any CPU.Deploy.0 = Release|Any CPU
		{39870F7D-9368-4F3E-B7DA-0A90458CB715}.Release|ARM.ActiveCfg = Release|Any CPU
		{39870F7D-9368-4F3E-B7DA-0A90458CB715}.Release|ARM.Build.0 = Release|Any CPU
		{39870F7D-9368-4F3E-B7DA-0A90458CB715}.Release|ARM.Deploy.0 = Release|Any CPU
		{39870F7D-9368-4F3E-B7DA-0A90458CB715}.Release|ARM64.ActiveCfg = Release|Any CPU
		{39870F7D-9368-4F3E-B7DA-0A90458CB715}.Release|ARM64.Build.0 = Release|Any CPU
		{39870F7D-9368-4F3E-B7DA-0A90458CB715}.Release|ARM64.Deploy.0 = Release|Any CPU
		{39870F7D-9368-4F3E-B7DA-0A90458CB715}.Release|iPhone.ActiveCfg = Release|Any CPU
		{39870F7D-9368-4F3E-B7DA-0A90458CB715}.Release|iPhone.Build.0 = Release|Any CPU
		{39870F7D-9368-4F3E-B7DA-0A90458CB715}.Release|iPhone.Deploy.0 = Release|Any CPU
		{39870F7D-9368-4F3E-B7DA-0A90458CB715}.Release|iPhoneSimulator.ActiveCfg = Release|Any CPU
		{39870F7D-9368-4F3E-B7DA-0A90458CB715}.Release|iPhoneSimulator.Build.0 = Release|Any CPU
		{39870F7D-9368-4F3E-B7DA-0A90458CB715}.Release|iPhoneSimulator.Deploy.0 = Release|Any CPU
		{39870F7D-9368-4F3E-B7DA-0A90458CB715}.Release|x64.ActiveCfg = Release|Any CPU
		{39870F7D-9368-4F3E-B7DA-0A90458CB715}.Release|x64.Build.0 = Release|Any CPU
		{39870F7D-9368-4F3E-B7DA-0A90458CB715}.Release|x64.Deploy.0 = Release|Any CPU
		{39870F7D-9368-4F3E-B7DA-0A90458CB715}.Release|x86.ActiveCfg = Release|Any CPU
		{39870F7D-9368-4F3E-B7DA-0A90458CB715}.Release|x86.Build.0 = Release|Any CPU
		{39870F7D-9368-4F3E-B7DA-0A90458CB715}.Release|x86.Deploy.0 = Release|Any CPU
		{D519D51F-537F-4EA9-8C31-0826FF6CD840}.Ad-Hoc|Any CPU.ActiveCfg = Ad-Hoc|iPhone
		{D519D51F-537F-4EA9-8C31-0826FF6CD840}.Ad-Hoc|Any CPU.Build.0 = Ad-Hoc|iPhone
		{D519D51F-537F-4EA9-8C31-0826FF6CD840}.Ad-Hoc|Any CPU.Deploy.0 = Ad-Hoc|iPhone
		{D519D51F-537F-4EA9-8C31-0826FF6CD840}.Ad-Hoc|ARM.ActiveCfg = Ad-Hoc|iPhone
		{D519D51F-537F-4EA9-8C31-0826FF6CD840}.Ad-Hoc|ARM.Build.0 = Ad-Hoc|iPhone
		{D519D51F-537F-4EA9-8C31-0826FF6CD840}.Ad-Hoc|ARM.Deploy.0 = Ad-Hoc|iPhone
		{D519D51F-537F-4EA9-8C31-0826FF6CD840}.Ad-Hoc|ARM64.ActiveCfg = Ad-Hoc|iPhoneSimulator
		{D519D51F-537F-4EA9-8C31-0826FF6CD840}.Ad-Hoc|iPhone.ActiveCfg = Ad-Hoc|iPhone
		{D519D51F-537F-4EA9-8C31-0826FF6CD840}.Ad-Hoc|iPhone.Build.0 = Ad-Hoc|iPhone
		{D519D51F-537F-4EA9-8C31-0826FF6CD840}.Ad-Hoc|iPhone.Deploy.0 = Ad-Hoc|iPhone
		{D519D51F-537F-4EA9-8C31-0826FF6CD840}.Ad-Hoc|iPhoneSimulator.ActiveCfg = Ad-Hoc|iPhoneSimulator
		{D519D51F-537F-4EA9-8C31-0826FF6CD840}.Ad-Hoc|iPhoneSimulator.Build.0 = Ad-Hoc|iPhoneSimulator
		{D519D51F-537F-4EA9-8C31-0826FF6CD840}.Ad-Hoc|iPhoneSimulator.Deploy.0 = Ad-Hoc|iPhoneSimulator
		{D519D51F-537F-4EA9-8C31-0826FF6CD840}.Ad-Hoc|x64.ActiveCfg = Ad-Hoc|iPhone
		{D519D51F-537F-4EA9-8C31-0826FF6CD840}.Ad-Hoc|x64.Build.0 = Ad-Hoc|iPhone
		{D519D51F-537F-4EA9-8C31-0826FF6CD840}.Ad-Hoc|x64.Deploy.0 = Ad-Hoc|iPhone
		{D519D51F-537F-4EA9-8C31-0826FF6CD840}.Ad-Hoc|x86.ActiveCfg = Ad-Hoc|iPhone
		{D519D51F-537F-4EA9-8C31-0826FF6CD840}.Ad-Hoc|x86.Build.0 = Ad-Hoc|iPhone
		{D519D51F-537F-4EA9-8C31-0826FF6CD840}.Ad-Hoc|x86.Deploy.0 = Ad-Hoc|iPhone
		{D519D51F-537F-4EA9-8C31-0826FF6CD840}.AppStore|Any CPU.ActiveCfg = AppStore|iPhone
		{D519D51F-537F-4EA9-8C31-0826FF6CD840}.AppStore|Any CPU.Build.0 = AppStore|iPhone
		{D519D51F-537F-4EA9-8C31-0826FF6CD840}.AppStore|Any CPU.Deploy.0 = AppStore|iPhone
		{D519D51F-537F-4EA9-8C31-0826FF6CD840}.AppStore|ARM.ActiveCfg = AppStore|iPhone
		{D519D51F-537F-4EA9-8C31-0826FF6CD840}.AppStore|ARM.Build.0 = AppStore|iPhone
		{D519D51F-537F-4EA9-8C31-0826FF6CD840}.AppStore|ARM.Deploy.0 = AppStore|iPhone
		{D519D51F-537F-4EA9-8C31-0826FF6CD840}.AppStore|ARM64.ActiveCfg = AppStore|iPhoneSimulator
		{D519D51F-537F-4EA9-8C31-0826FF6CD840}.AppStore|iPhone.ActiveCfg = AppStore|iPhone
		{D519D51F-537F-4EA9-8C31-0826FF6CD840}.AppStore|iPhone.Build.0 = AppStore|iPhone
		{D519D51F-537F-4EA9-8C31-0826FF6CD840}.AppStore|iPhone.Deploy.0 = AppStore|iPhone
		{D519D51F-537F-4EA9-8C31-0826FF6CD840}.AppStore|iPhoneSimulator.ActiveCfg = AppStore|iPhoneSimulator
		{D519D51F-537F-4EA9-8C31-0826FF6CD840}.AppStore|iPhoneSimulator.Build.0 = AppStore|iPhoneSimulator
		{D519D51F-537F-4EA9-8C31-0826FF6CD840}.AppStore|iPhoneSimulator.Deploy.0 = AppStore|iPhoneSimulator
		{D519D51F-537F-4EA9-8C31-0826FF6CD840}.AppStore|x64.ActiveCfg = AppStore|iPhone
		{D519D51F-537F-4EA9-8C31-0826FF6CD840}.AppStore|x64.Build.0 = AppStore|iPhone
		{D519D51F-537F-4EA9-8C31-0826FF6CD840}.AppStore|x64.Deploy.0 = AppStore|iPhone
		{D519D51F-537F-4EA9-8C31-0826FF6CD840}.AppStore|x86.ActiveCfg = AppStore|iPhone
		{D519D51F-537F-4EA9-8C31-0826FF6CD840}.AppStore|x86.Build.0 = AppStore|iPhone
		{D519D51F-537F-4EA9-8C31-0826FF6CD840}.AppStore|x86.Deploy.0 = AppStore|iPhone
		{D519D51F-537F-4EA9-8C31-0826FF6CD840}.Debug|Any CPU.ActiveCfg = Debug|iPhoneSimulator
		{D519D51F-537F-4EA9-8C31-0826FF6CD840}.Debug|Any CPU.Build.0 = Debug|iPhoneSimulator
		{D519D51F-537F-4EA9-8C31-0826FF6CD840}.Debug|Any CPU.Deploy.0 = Debug|iPhoneSimulator
		{D519D51F-537F-4EA9-8C31-0826FF6CD840}.Debug|ARM.ActiveCfg = Debug|iPhone
		{D519D51F-537F-4EA9-8C31-0826FF6CD840}.Debug|ARM.Build.0 = Debug|iPhone
		{D519D51F-537F-4EA9-8C31-0826FF6CD840}.Debug|ARM.Deploy.0 = Debug|iPhone
		{D519D51F-537F-4EA9-8C31-0826FF6CD840}.Debug|ARM64.ActiveCfg = Debug|iPhone
		{D519D51F-537F-4EA9-8C31-0826FF6CD840}.Debug|iPhone.ActiveCfg = Debug|iPhone
		{D519D51F-537F-4EA9-8C31-0826FF6CD840}.Debug|iPhone.Build.0 = Debug|iPhone
		{D519D51F-537F-4EA9-8C31-0826FF6CD840}.Debug|iPhone.Deploy.0 = Debug|iPhone
		{D519D51F-537F-4EA9-8C31-0826FF6CD840}.Debug|iPhoneSimulator.ActiveCfg = Debug|iPhoneSimulator
		{D519D51F-537F-4EA9-8C31-0826FF6CD840}.Debug|iPhoneSimulator.Build.0 = Debug|iPhoneSimulator
		{D519D51F-537F-4EA9-8C31-0826FF6CD840}.Debug|iPhoneSimulator.Deploy.0 = Debug|iPhoneSimulator
		{D519D51F-537F-4EA9-8C31-0826FF6CD840}.Debug|x64.ActiveCfg = Debug|iPhone
		{D519D51F-537F-4EA9-8C31-0826FF6CD840}.Debug|x64.Build.0 = Debug|iPhone
		{D519D51F-537F-4EA9-8C31-0826FF6CD840}.Debug|x64.Deploy.0 = Debug|iPhone
		{D519D51F-537F-4EA9-8C31-0826FF6CD840}.Debug|x86.ActiveCfg = Debug|iPhone
		{D519D51F-537F-4EA9-8C31-0826FF6CD840}.Debug|x86.Build.0 = Debug|iPhone
		{D519D51F-537F-4EA9-8C31-0826FF6CD840}.Debug|x86.Deploy.0 = Debug|iPhone
		{D519D51F-537F-4EA9-8C31-0826FF6CD840}.Release|Any CPU.ActiveCfg = Release|iPhone
		{D519D51F-537F-4EA9-8C31-0826FF6CD840}.Release|Any CPU.Build.0 = Release|iPhone
		{D519D51F-537F-4EA9-8C31-0826FF6CD840}.Release|Any CPU.Deploy.0 = Release|iPhone
		{D519D51F-537F-4EA9-8C31-0826FF6CD840}.Release|ARM.ActiveCfg = Release|iPhone
		{D519D51F-537F-4EA9-8C31-0826FF6CD840}.Release|ARM.Build.0 = Release|iPhone
		{D519D51F-537F-4EA9-8C31-0826FF6CD840}.Release|ARM.Deploy.0 = Release|iPhone
		{D519D51F-537F-4EA9-8C31-0826FF6CD840}.Release|ARM64.ActiveCfg = Release|iPhoneSimulator
		{D519D51F-537F-4EA9-8C31-0826FF6CD840}.Release|iPhone.ActiveCfg = Release|iPhone
		{D519D51F-537F-4EA9-8C31-0826FF6CD840}.Release|iPhone.Build.0 = Release|iPhone
		{D519D51F-537F-4EA9-8C31-0826FF6CD840}.Release|iPhone.Deploy.0 = Release|iPhone
		{D519D51F-537F-4EA9-8C31-0826FF6CD840}.Release|iPhoneSimulator.ActiveCfg = Release|iPhoneSimulator
		{D519D51F-537F-4EA9-8C31-0826FF6CD840}.Release|iPhoneSimulator.Build.0 = Release|iPhoneSimulator
		{D519D51F-537F-4EA9-8C31-0826FF6CD840}.Release|iPhoneSimulator.Deploy.0 = Release|iPhoneSimulator
		{D519D51F-537F-4EA9-8C31-0826FF6CD840}.Release|x64.ActiveCfg = Release|iPhone
		{D519D51F-537F-4EA9-8C31-0826FF6CD840}.Release|x64.Build.0 = Release|iPhone
		{D519D51F-537F-4EA9-8C31-0826FF6CD840}.Release|x64.Deploy.0 = Release|iPhone
		{D519D51F-537F-4EA9-8C31-0826FF6CD840}.Release|x86.ActiveCfg = Release|iPhone
		{D519D51F-537F-4EA9-8C31-0826FF6CD840}.Release|x86.Build.0 = Release|iPhone
		{D519D51F-537F-4EA9-8C31-0826FF6CD840}.Release|x86.Deploy.0 = Release|iPhone
		{7E3509AC-14D7-4417-8623-21664035418C}.Ad-Hoc|Any CPU.ActiveCfg = Release|x86
		{7E3509AC-14D7-4417-8623-21664035418C}.Ad-Hoc|Any CPU.Build.0 = Release|x86
		{7E3509AC-14D7-4417-8623-21664035418C}.Ad-Hoc|Any CPU.Deploy.0 = Release|x86
		{7E3509AC-14D7-4417-8623-21664035418C}.Ad-Hoc|ARM.ActiveCfg = Release|ARM
		{7E3509AC-14D7-4417-8623-21664035418C}.Ad-Hoc|ARM.Build.0 = Release|ARM
		{7E3509AC-14D7-4417-8623-21664035418C}.Ad-Hoc|ARM.Deploy.0 = Release|ARM
		{7E3509AC-14D7-4417-8623-21664035418C}.Ad-Hoc|ARM64.ActiveCfg = Debug|x64
		{7E3509AC-14D7-4417-8623-21664035418C}.Ad-Hoc|ARM64.Build.0 = Debug|x64
		{7E3509AC-14D7-4417-8623-21664035418C}.Ad-Hoc|ARM64.Deploy.0 = Debug|x64
		{7E3509AC-14D7-4417-8623-21664035418C}.Ad-Hoc|iPhone.ActiveCfg = Release|x86
		{7E3509AC-14D7-4417-8623-21664035418C}.Ad-Hoc|iPhone.Build.0 = Release|x86
		{7E3509AC-14D7-4417-8623-21664035418C}.Ad-Hoc|iPhone.Deploy.0 = Release|x86
		{7E3509AC-14D7-4417-8623-21664035418C}.Ad-Hoc|iPhoneSimulator.ActiveCfg = Release|x86
		{7E3509AC-14D7-4417-8623-21664035418C}.Ad-Hoc|iPhoneSimulator.Build.0 = Release|x86
		{7E3509AC-14D7-4417-8623-21664035418C}.Ad-Hoc|iPhoneSimulator.Deploy.0 = Release|x86
		{7E3509AC-14D7-4417-8623-21664035418C}.Ad-Hoc|x64.ActiveCfg = Release|x64
		{7E3509AC-14D7-4417-8623-21664035418C}.Ad-Hoc|x64.Build.0 = Release|x64
		{7E3509AC-14D7-4417-8623-21664035418C}.Ad-Hoc|x64.Deploy.0 = Release|x64
		{7E3509AC-14D7-4417-8623-21664035418C}.Ad-Hoc|x86.ActiveCfg = Release|x86
		{7E3509AC-14D7-4417-8623-21664035418C}.Ad-Hoc|x86.Build.0 = Release|x86
		{7E3509AC-14D7-4417-8623-21664035418C}.Ad-Hoc|x86.Deploy.0 = Release|x86
		{7E3509AC-14D7-4417-8623-21664035418C}.AppStore|Any CPU.ActiveCfg = Release|x86
		{7E3509AC-14D7-4417-8623-21664035418C}.AppStore|Any CPU.Build.0 = Release|x86
		{7E3509AC-14D7-4417-8623-21664035418C}.AppStore|Any CPU.Deploy.0 = Release|x86
		{7E3509AC-14D7-4417-8623-21664035418C}.AppStore|ARM.ActiveCfg = Release|ARM
		{7E3509AC-14D7-4417-8623-21664035418C}.AppStore|ARM.Build.0 = Release|ARM
		{7E3509AC-14D7-4417-8623-21664035418C}.AppStore|ARM.Deploy.0 = Release|ARM
		{7E3509AC-14D7-4417-8623-21664035418C}.AppStore|ARM64.ActiveCfg = Debug|x64
		{7E3509AC-14D7-4417-8623-21664035418C}.AppStore|ARM64.Build.0 = Debug|x64
		{7E3509AC-14D7-4417-8623-21664035418C}.AppStore|ARM64.Deploy.0 = Debug|x64
		{7E3509AC-14D7-4417-8623-21664035418C}.AppStore|iPhone.ActiveCfg = Release|x86
		{7E3509AC-14D7-4417-8623-21664035418C}.AppStore|iPhone.Build.0 = Release|x86
		{7E3509AC-14D7-4417-8623-21664035418C}.AppStore|iPhone.Deploy.0 = Release|x86
		{7E3509AC-14D7-4417-8623-21664035418C}.AppStore|iPhoneSimulator.ActiveCfg = Release|x86
		{7E3509AC-14D7-4417-8623-21664035418C}.AppStore|iPhoneSimulator.Build.0 = Release|x86
		{7E3509AC-14D7-4417-8623-21664035418C}.AppStore|iPhoneSimulator.Deploy.0 = Release|x86
		{7E3509AC-14D7-4417-8623-21664035418C}.AppStore|x64.ActiveCfg = Release|x64
		{7E3509AC-14D7-4417-8623-21664035418C}.AppStore|x64.Build.0 = Release|x64
		{7E3509AC-14D7-4417-8623-21664035418C}.AppStore|x64.Deploy.0 = Release|x64
		{7E3509AC-14D7-4417-8623-21664035418C}.AppStore|x86.ActiveCfg = Release|x86
		{7E3509AC-14D7-4417-8623-21664035418C}.AppStore|x86.Build.0 = Release|x86
		{7E3509AC-14D7-4417-8623-21664035418C}.AppStore|x86.Deploy.0 = Release|x86
		{7E3509AC-14D7-4417-8623-21664035418C}.Debug|Any CPU.ActiveCfg = Debug|x86
		{7E3509AC-14D7-4417-8623-21664035418C}.Debug|Any CPU.Build.0 = Debug|x86
		{7E3509AC-14D7-4417-8623-21664035418C}.Debug|Any CPU.Deploy.0 = Debug|x86
		{7E3509AC-14D7-4417-8623-21664035418C}.Debug|ARM.ActiveCfg = Debug|ARM
		{7E3509AC-14D7-4417-8623-21664035418C}.Debug|ARM.Build.0 = Debug|ARM
		{7E3509AC-14D7-4417-8623-21664035418C}.Debug|ARM.Deploy.0 = Debug|ARM
		{7E3509AC-14D7-4417-8623-21664035418C}.Debug|ARM64.ActiveCfg = Debug|x86
		{7E3509AC-14D7-4417-8623-21664035418C}.Debug|iPhone.ActiveCfg = Debug|x86
		{7E3509AC-14D7-4417-8623-21664035418C}.Debug|iPhone.Build.0 = Debug|x86
		{7E3509AC-14D7-4417-8623-21664035418C}.Debug|iPhone.Deploy.0 = Debug|x86
		{7E3509AC-14D7-4417-8623-21664035418C}.Debug|iPhoneSimulator.ActiveCfg = Debug|x86
		{7E3509AC-14D7-4417-8623-21664035418C}.Debug|iPhoneSimulator.Build.0 = Debug|x86
		{7E3509AC-14D7-4417-8623-21664035418C}.Debug|iPhoneSimulator.Deploy.0 = Debug|x86
		{7E3509AC-14D7-4417-8623-21664035418C}.Debug|x64.ActiveCfg = Debug|x64
		{7E3509AC-14D7-4417-8623-21664035418C}.Debug|x64.Build.0 = Debug|x64
		{7E3509AC-14D7-4417-8623-21664035418C}.Debug|x64.Deploy.0 = Debug|x64
		{7E3509AC-14D7-4417-8623-21664035418C}.Debug|x86.ActiveCfg = Debug|x86
		{7E3509AC-14D7-4417-8623-21664035418C}.Debug|x86.Build.0 = Debug|x86
		{7E3509AC-14D7-4417-8623-21664035418C}.Debug|x86.Deploy.0 = Debug|x86
		{7E3509AC-14D7-4417-8623-21664035418C}.Release|Any CPU.ActiveCfg = Release|x86
		{7E3509AC-14D7-4417-8623-21664035418C}.Release|Any CPU.Build.0 = Release|x86
		{7E3509AC-14D7-4417-8623-21664035418C}.Release|Any CPU.Deploy.0 = Release|x86
		{7E3509AC-14D7-4417-8623-21664035418C}.Release|ARM.ActiveCfg = Release|ARM
		{7E3509AC-14D7-4417-8623-21664035418C}.Release|ARM.Build.0 = Release|ARM
		{7E3509AC-14D7-4417-8623-21664035418C}.Release|ARM.Deploy.0 = Release|ARM
		{7E3509AC-14D7-4417-8623-21664035418C}.Release|ARM64.ActiveCfg = Release|x86
		{7E3509AC-14D7-4417-8623-21664035418C}.Release|iPhone.ActiveCfg = Release|x86
		{7E3509AC-14D7-4417-8623-21664035418C}.Release|iPhone.Build.0 = Release|x86
		{7E3509AC-14D7-4417-8623-21664035418C}.Release|iPhone.Deploy.0 = Release|x86
		{7E3509AC-14D7-4417-8623-21664035418C}.Release|iPhoneSimulator.ActiveCfg = Release|x86
		{7E3509AC-14D7-4417-8623-21664035418C}.Release|iPhoneSimulator.Build.0 = Release|x86
		{7E3509AC-14D7-4417-8623-21664035418C}.Release|iPhoneSimulator.Deploy.0 = Release|x86
		{7E3509AC-14D7-4417-8623-21664035418C}.Release|x64.ActiveCfg = Release|x64
		{7E3509AC-14D7-4417-8623-21664035418C}.Release|x64.Build.0 = Release|x64
		{7E3509AC-14D7-4417-8623-21664035418C}.Release|x64.Deploy.0 = Release|x64
		{7E3509AC-14D7-4417-8623-21664035418C}.Release|x86.ActiveCfg = Release|x86
		{7E3509AC-14D7-4417-8623-21664035418C}.Release|x86.Build.0 = Release|x86
		{7E3509AC-14D7-4417-8623-21664035418C}.Release|x86.Deploy.0 = Release|x86
		{31FFBC31-26A6-4AA9-91FF-3178BF1765AF}.Ad-Hoc|Any CPU.ActiveCfg = Debug|Any CPU
		{31FFBC31-26A6-4AA9-91FF-3178BF1765AF}.Ad-Hoc|Any CPU.Build.0 = Debug|Any CPU
		{31FFBC31-26A6-4AA9-91FF-3178BF1765AF}.Ad-Hoc|Any CPU.Deploy.0 = Debug|Any CPU
		{31FFBC31-26A6-4AA9-91FF-3178BF1765AF}.Ad-Hoc|ARM.ActiveCfg = Debug|Any CPU
		{31FFBC31-26A6-4AA9-91FF-3178BF1765AF}.Ad-Hoc|ARM.Build.0 = Debug|Any CPU
		{31FFBC31-26A6-4AA9-91FF-3178BF1765AF}.Ad-Hoc|ARM.Deploy.0 = Debug|Any CPU
		{31FFBC31-26A6-4AA9-91FF-3178BF1765AF}.Ad-Hoc|ARM64.ActiveCfg = Release|Any CPU
		{31FFBC31-26A6-4AA9-91FF-3178BF1765AF}.Ad-Hoc|ARM64.Build.0 = Release|Any CPU
		{31FFBC31-26A6-4AA9-91FF-3178BF1765AF}.Ad-Hoc|iPhone.ActiveCfg = Debug|Any CPU
		{31FFBC31-26A6-4AA9-91FF-3178BF1765AF}.Ad-Hoc|iPhone.Build.0 = Debug|Any CPU
		{31FFBC31-26A6-4AA9-91FF-3178BF1765AF}.Ad-Hoc|iPhone.Deploy.0 = Debug|Any CPU
		{31FFBC31-26A6-4AA9-91FF-3178BF1765AF}.Ad-Hoc|iPhoneSimulator.ActiveCfg = Debug|Any CPU
		{31FFBC31-26A6-4AA9-91FF-3178BF1765AF}.Ad-Hoc|iPhoneSimulator.Build.0 = Debug|Any CPU
		{31FFBC31-26A6-4AA9-91FF-3178BF1765AF}.Ad-Hoc|iPhoneSimulator.Deploy.0 = Debug|Any CPU
		{31FFBC31-26A6-4AA9-91FF-3178BF1765AF}.Ad-Hoc|x64.ActiveCfg = Debug|Any CPU
		{31FFBC31-26A6-4AA9-91FF-3178BF1765AF}.Ad-Hoc|x64.Build.0 = Debug|Any CPU
		{31FFBC31-26A6-4AA9-91FF-3178BF1765AF}.Ad-Hoc|x64.Deploy.0 = Debug|Any CPU
		{31FFBC31-26A6-4AA9-91FF-3178BF1765AF}.Ad-Hoc|x86.ActiveCfg = Debug|Any CPU
		{31FFBC31-26A6-4AA9-91FF-3178BF1765AF}.Ad-Hoc|x86.Build.0 = Debug|Any CPU
		{31FFBC31-26A6-4AA9-91FF-3178BF1765AF}.Ad-Hoc|x86.Deploy.0 = Debug|Any CPU
		{31FFBC31-26A6-4AA9-91FF-3178BF1765AF}.AppStore|Any CPU.ActiveCfg = Debug|Any CPU
		{31FFBC31-26A6-4AA9-91FF-3178BF1765AF}.AppStore|Any CPU.Build.0 = Debug|Any CPU
		{31FFBC31-26A6-4AA9-91FF-3178BF1765AF}.AppStore|Any CPU.Deploy.0 = Debug|Any CPU
		{31FFBC31-26A6-4AA9-91FF-3178BF1765AF}.AppStore|ARM.ActiveCfg = Debug|Any CPU
		{31FFBC31-26A6-4AA9-91FF-3178BF1765AF}.AppStore|ARM.Build.0 = Debug|Any CPU
		{31FFBC31-26A6-4AA9-91FF-3178BF1765AF}.AppStore|ARM.Deploy.0 = Debug|Any CPU
		{31FFBC31-26A6-4AA9-91FF-3178BF1765AF}.AppStore|ARM64.ActiveCfg = Release|Any CPU
		{31FFBC31-26A6-4AA9-91FF-3178BF1765AF}.AppStore|ARM64.Build.0 = Release|Any CPU
		{31FFBC31-26A6-4AA9-91FF-3178BF1765AF}.AppStore|iPhone.ActiveCfg = Debug|Any CPU
		{31FFBC31-26A6-4AA9-91FF-3178BF1765AF}.AppStore|iPhone.Build.0 = Debug|Any CPU
		{31FFBC31-26A6-4AA9-91FF-3178BF1765AF}.AppStore|iPhone.Deploy.0 = Debug|Any CPU
		{31FFBC31-26A6-4AA9-91FF-3178BF1765AF}.AppStore|iPhoneSimulator.ActiveCfg = Debug|Any CPU
		{31FFBC31-26A6-4AA9-91FF-3178BF1765AF}.AppStore|iPhoneSimulator.Build.0 = Debug|Any CPU
		{31FFBC31-26A6-4AA9-91FF-3178BF1765AF}.AppStore|iPhoneSimulator.Deploy.0 = Debug|Any CPU
		{31FFBC31-26A6-4AA9-91FF-3178BF1765AF}.AppStore|x64.ActiveCfg = Debug|Any CPU
		{31FFBC31-26A6-4AA9-91FF-3178BF1765AF}.AppStore|x64.Build.0 = Debug|Any CPU
		{31FFBC31-26A6-4AA9-91FF-3178BF1765AF}.AppStore|x64.Deploy.0 = Debug|Any CPU
		{31FFBC31-26A6-4AA9-91FF-3178BF1765AF}.AppStore|x86.ActiveCfg = Debug|Any CPU
		{31FFBC31-26A6-4AA9-91FF-3178BF1765AF}.AppStore|x86.Build.0 = Debug|Any CPU
		{31FFBC31-26A6-4AA9-91FF-3178BF1765AF}.AppStore|x86.Deploy.0 = Debug|Any CPU
		{31FFBC31-26A6-4AA9-91FF-3178BF1765AF}.Debug|Any CPU.ActiveCfg = Debug|Any CPU
		{31FFBC31-26A6-4AA9-91FF-3178BF1765AF}.Debug|Any CPU.Build.0 = Debug|Any CPU
		{31FFBC31-26A6-4AA9-91FF-3178BF1765AF}.Debug|Any CPU.Deploy.0 = Debug|Any CPU
		{31FFBC31-26A6-4AA9-91FF-3178BF1765AF}.Debug|ARM.ActiveCfg = Debug|Any CPU
		{31FFBC31-26A6-4AA9-91FF-3178BF1765AF}.Debug|ARM.Build.0 = Debug|Any CPU
		{31FFBC31-26A6-4AA9-91FF-3178BF1765AF}.Debug|ARM.Deploy.0 = Debug|Any CPU
		{31FFBC31-26A6-4AA9-91FF-3178BF1765AF}.Debug|ARM64.ActiveCfg = Debug|Any CPU
		{31FFBC31-26A6-4AA9-91FF-3178BF1765AF}.Debug|ARM64.Build.0 = Debug|Any CPU
		{31FFBC31-26A6-4AA9-91FF-3178BF1765AF}.Debug|iPhone.ActiveCfg = Debug|Any CPU
		{31FFBC31-26A6-4AA9-91FF-3178BF1765AF}.Debug|iPhone.Build.0 = Debug|Any CPU
		{31FFBC31-26A6-4AA9-91FF-3178BF1765AF}.Debug|iPhone.Deploy.0 = Debug|Any CPU
		{31FFBC31-26A6-4AA9-91FF-3178BF1765AF}.Debug|iPhoneSimulator.ActiveCfg = Debug|Any CPU
		{31FFBC31-26A6-4AA9-91FF-3178BF1765AF}.Debug|iPhoneSimulator.Build.0 = Debug|Any CPU
		{31FFBC31-26A6-4AA9-91FF-3178BF1765AF}.Debug|iPhoneSimulator.Deploy.0 = Debug|Any CPU
		{31FFBC31-26A6-4AA9-91FF-3178BF1765AF}.Debug|x64.ActiveCfg = Debug|Any CPU
		{31FFBC31-26A6-4AA9-91FF-3178BF1765AF}.Debug|x64.Build.0 = Debug|Any CPU
		{31FFBC31-26A6-4AA9-91FF-3178BF1765AF}.Debug|x64.Deploy.0 = Debug|Any CPU
		{31FFBC31-26A6-4AA9-91FF-3178BF1765AF}.Debug|x86.ActiveCfg = Debug|Any CPU
		{31FFBC31-26A6-4AA9-91FF-3178BF1765AF}.Debug|x86.Build.0 = Debug|Any CPU
		{31FFBC31-26A6-4AA9-91FF-3178BF1765AF}.Debug|x86.Deploy.0 = Debug|Any CPU
		{31FFBC31-26A6-4AA9-91FF-3178BF1765AF}.Release|Any CPU.ActiveCfg = Release|Any CPU
		{31FFBC31-26A6-4AA9-91FF-3178BF1765AF}.Release|Any CPU.Build.0 = Release|Any CPU
		{31FFBC31-26A6-4AA9-91FF-3178BF1765AF}.Release|Any CPU.Deploy.0 = Release|Any CPU
		{31FFBC31-26A6-4AA9-91FF-3178BF1765AF}.Release|ARM.ActiveCfg = Release|Any CPU
		{31FFBC31-26A6-4AA9-91FF-3178BF1765AF}.Release|ARM.Build.0 = Release|Any CPU
		{31FFBC31-26A6-4AA9-91FF-3178BF1765AF}.Release|ARM.Deploy.0 = Release|Any CPU
		{31FFBC31-26A6-4AA9-91FF-3178BF1765AF}.Release|ARM64.ActiveCfg = Release|Any CPU
		{31FFBC31-26A6-4AA9-91FF-3178BF1765AF}.Release|ARM64.Build.0 = Release|Any CPU
		{31FFBC31-26A6-4AA9-91FF-3178BF1765AF}.Release|iPhone.ActiveCfg = Release|Any CPU
		{31FFBC31-26A6-4AA9-91FF-3178BF1765AF}.Release|iPhone.Build.0 = Release|Any CPU
		{31FFBC31-26A6-4AA9-91FF-3178BF1765AF}.Release|iPhone.Deploy.0 = Release|Any CPU
		{31FFBC31-26A6-4AA9-91FF-3178BF1765AF}.Release|iPhoneSimulator.ActiveCfg = Release|Any CPU
		{31FFBC31-26A6-4AA9-91FF-3178BF1765AF}.Release|iPhoneSimulator.Build.0 = Release|Any CPU
		{31FFBC31-26A6-4AA9-91FF-3178BF1765AF}.Release|iPhoneSimulator.Deploy.0 = Release|Any CPU
		{31FFBC31-26A6-4AA9-91FF-3178BF1765AF}.Release|x64.ActiveCfg = Release|Any CPU
		{31FFBC31-26A6-4AA9-91FF-3178BF1765AF}.Release|x64.Build.0 = Release|Any CPU
		{31FFBC31-26A6-4AA9-91FF-3178BF1765AF}.Release|x64.Deploy.0 = Release|Any CPU
		{31FFBC31-26A6-4AA9-91FF-3178BF1765AF}.Release|x86.ActiveCfg = Release|Any CPU
		{31FFBC31-26A6-4AA9-91FF-3178BF1765AF}.Release|x86.Build.0 = Release|Any CPU
		{31FFBC31-26A6-4AA9-91FF-3178BF1765AF}.Release|x86.Deploy.0 = Release|Any CPU
		{67F9D3A8-F71E-4428-913F-C37AE82CDB24}.Ad-Hoc|Any CPU.ActiveCfg = Release|Any CPU
		{67F9D3A8-F71E-4428-913F-C37AE82CDB24}.Ad-Hoc|Any CPU.Build.0 = Release|Any CPU
		{67F9D3A8-F71E-4428-913F-C37AE82CDB24}.Ad-Hoc|ARM.ActiveCfg = Release|Any CPU
		{67F9D3A8-F71E-4428-913F-C37AE82CDB24}.Ad-Hoc|ARM.Build.0 = Release|Any CPU
		{67F9D3A8-F71E-4428-913F-C37AE82CDB24}.Ad-Hoc|ARM64.ActiveCfg = Debug|Any CPU
		{67F9D3A8-F71E-4428-913F-C37AE82CDB24}.Ad-Hoc|ARM64.Build.0 = Debug|Any CPU
		{67F9D3A8-F71E-4428-913F-C37AE82CDB24}.Ad-Hoc|iPhone.ActiveCfg = Release|Any CPU
		{67F9D3A8-F71E-4428-913F-C37AE82CDB24}.Ad-Hoc|iPhone.Build.0 = Release|Any CPU
		{67F9D3A8-F71E-4428-913F-C37AE82CDB24}.Ad-Hoc|iPhoneSimulator.ActiveCfg = Release|Any CPU
		{67F9D3A8-F71E-4428-913F-C37AE82CDB24}.Ad-Hoc|iPhoneSimulator.Build.0 = Release|Any CPU
		{67F9D3A8-F71E-4428-913F-C37AE82CDB24}.Ad-Hoc|x64.ActiveCfg = Release|Any CPU
		{67F9D3A8-F71E-4428-913F-C37AE82CDB24}.Ad-Hoc|x64.Build.0 = Release|Any CPU
		{67F9D3A8-F71E-4428-913F-C37AE82CDB24}.Ad-Hoc|x86.ActiveCfg = Release|Any CPU
		{67F9D3A8-F71E-4428-913F-C37AE82CDB24}.Ad-Hoc|x86.Build.0 = Release|Any CPU
		{67F9D3A8-F71E-4428-913F-C37AE82CDB24}.AppStore|Any CPU.ActiveCfg = Release|Any CPU
		{67F9D3A8-F71E-4428-913F-C37AE82CDB24}.AppStore|Any CPU.Build.0 = Release|Any CPU
		{67F9D3A8-F71E-4428-913F-C37AE82CDB24}.AppStore|ARM.ActiveCfg = Release|Any CPU
		{67F9D3A8-F71E-4428-913F-C37AE82CDB24}.AppStore|ARM.Build.0 = Release|Any CPU
		{67F9D3A8-F71E-4428-913F-C37AE82CDB24}.AppStore|ARM64.ActiveCfg = Debug|Any CPU
		{67F9D3A8-F71E-4428-913F-C37AE82CDB24}.AppStore|ARM64.Build.0 = Debug|Any CPU
		{67F9D3A8-F71E-4428-913F-C37AE82CDB24}.AppStore|iPhone.ActiveCfg = Release|Any CPU
		{67F9D3A8-F71E-4428-913F-C37AE82CDB24}.AppStore|iPhone.Build.0 = Release|Any CPU
		{67F9D3A8-F71E-4428-913F-C37AE82CDB24}.AppStore|iPhoneSimulator.ActiveCfg = Release|Any CPU
		{67F9D3A8-F71E-4428-913F-C37AE82CDB24}.AppStore|iPhoneSimulator.Build.0 = Release|Any CPU
		{67F9D3A8-F71E-4428-913F-C37AE82CDB24}.AppStore|x64.ActiveCfg = Release|Any CPU
		{67F9D3A8-F71E-4428-913F-C37AE82CDB24}.AppStore|x64.Build.0 = Release|Any CPU
		{67F9D3A8-F71E-4428-913F-C37AE82CDB24}.AppStore|x86.ActiveCfg = Release|Any CPU
		{67F9D3A8-F71E-4428-913F-C37AE82CDB24}.AppStore|x86.Build.0 = Release|Any CPU
		{67F9D3A8-F71E-4428-913F-C37AE82CDB24}.Debug|Any CPU.ActiveCfg = Debug|Any CPU
		{67F9D3A8-F71E-4428-913F-C37AE82CDB24}.Debug|Any CPU.Build.0 = Debug|Any CPU
		{67F9D3A8-F71E-4428-913F-C37AE82CDB24}.Debug|ARM.ActiveCfg = Debug|Any CPU
		{67F9D3A8-F71E-4428-913F-C37AE82CDB24}.Debug|ARM.Build.0 = Debug|Any CPU
		{67F9D3A8-F71E-4428-913F-C37AE82CDB24}.Debug|ARM64.ActiveCfg = Debug|Any CPU
		{67F9D3A8-F71E-4428-913F-C37AE82CDB24}.Debug|ARM64.Build.0 = Debug|Any CPU
		{67F9D3A8-F71E-4428-913F-C37AE82CDB24}.Debug|iPhone.ActiveCfg = Debug|Any CPU
		{67F9D3A8-F71E-4428-913F-C37AE82CDB24}.Debug|iPhone.Build.0 = Debug|Any CPU
		{67F9D3A8-F71E-4428-913F-C37AE82CDB24}.Debug|iPhoneSimulator.ActiveCfg = Debug|Any CPU
		{67F9D3A8-F71E-4428-913F-C37AE82CDB24}.Debug|iPhoneSimulator.Build.0 = Debug|Any CPU
		{67F9D3A8-F71E-4428-913F-C37AE82CDB24}.Debug|x64.ActiveCfg = Debug|Any CPU
		{67F9D3A8-F71E-4428-913F-C37AE82CDB24}.Debug|x64.Build.0 = Debug|Any CPU
		{67F9D3A8-F71E-4428-913F-C37AE82CDB24}.Debug|x86.ActiveCfg = Debug|Any CPU
		{67F9D3A8-F71E-4428-913F-C37AE82CDB24}.Debug|x86.Build.0 = Debug|Any CPU
		{67F9D3A8-F71E-4428-913F-C37AE82CDB24}.Release|Any CPU.ActiveCfg = Release|Any CPU
		{67F9D3A8-F71E-4428-913F-C37AE82CDB24}.Release|Any CPU.Build.0 = Release|Any CPU
		{67F9D3A8-F71E-4428-913F-C37AE82CDB24}.Release|ARM.ActiveCfg = Release|Any CPU
		{67F9D3A8-F71E-4428-913F-C37AE82CDB24}.Release|ARM.Build.0 = Release|Any CPU
		{67F9D3A8-F71E-4428-913F-C37AE82CDB24}.Release|ARM64.ActiveCfg = Release|Any CPU
		{67F9D3A8-F71E-4428-913F-C37AE82CDB24}.Release|ARM64.Build.0 = Release|Any CPU
		{67F9D3A8-F71E-4428-913F-C37AE82CDB24}.Release|iPhone.ActiveCfg = Release|Any CPU
		{67F9D3A8-F71E-4428-913F-C37AE82CDB24}.Release|iPhone.Build.0 = Release|Any CPU
		{67F9D3A8-F71E-4428-913F-C37AE82CDB24}.Release|iPhoneSimulator.ActiveCfg = Release|Any CPU
		{67F9D3A8-F71E-4428-913F-C37AE82CDB24}.Release|iPhoneSimulator.Build.0 = Release|Any CPU
		{67F9D3A8-F71E-4428-913F-C37AE82CDB24}.Release|x64.ActiveCfg = Release|Any CPU
		{67F9D3A8-F71E-4428-913F-C37AE82CDB24}.Release|x64.Build.0 = Release|Any CPU
		{67F9D3A8-F71E-4428-913F-C37AE82CDB24}.Release|x86.ActiveCfg = Release|Any CPU
		{67F9D3A8-F71E-4428-913F-C37AE82CDB24}.Release|x86.Build.0 = Release|Any CPU
		{EADA9628-A4E4-40B0-A362-8FBDE4931C22}.Ad-Hoc|Any CPU.ActiveCfg = Release|Any CPU
		{EADA9628-A4E4-40B0-A362-8FBDE4931C22}.Ad-Hoc|Any CPU.Build.0 = Release|Any CPU
		{EADA9628-A4E4-40B0-A362-8FBDE4931C22}.Ad-Hoc|ARM.ActiveCfg = Release|Any CPU
		{EADA9628-A4E4-40B0-A362-8FBDE4931C22}.Ad-Hoc|ARM.Build.0 = Release|Any CPU
		{EADA9628-A4E4-40B0-A362-8FBDE4931C22}.Ad-Hoc|ARM64.ActiveCfg = Debug|Any CPU
		{EADA9628-A4E4-40B0-A362-8FBDE4931C22}.Ad-Hoc|ARM64.Build.0 = Debug|Any CPU
		{EADA9628-A4E4-40B0-A362-8FBDE4931C22}.Ad-Hoc|iPhone.ActiveCfg = Release|Any CPU
		{EADA9628-A4E4-40B0-A362-8FBDE4931C22}.Ad-Hoc|iPhone.Build.0 = Release|Any CPU
		{EADA9628-A4E4-40B0-A362-8FBDE4931C22}.Ad-Hoc|iPhoneSimulator.ActiveCfg = Release|Any CPU
		{EADA9628-A4E4-40B0-A362-8FBDE4931C22}.Ad-Hoc|iPhoneSimulator.Build.0 = Release|Any CPU
		{EADA9628-A4E4-40B0-A362-8FBDE4931C22}.Ad-Hoc|x64.ActiveCfg = Release|Any CPU
		{EADA9628-A4E4-40B0-A362-8FBDE4931C22}.Ad-Hoc|x64.Build.0 = Release|Any CPU
		{EADA9628-A4E4-40B0-A362-8FBDE4931C22}.Ad-Hoc|x86.ActiveCfg = Release|Any CPU
		{EADA9628-A4E4-40B0-A362-8FBDE4931C22}.Ad-Hoc|x86.Build.0 = Release|Any CPU
		{EADA9628-A4E4-40B0-A362-8FBDE4931C22}.AppStore|Any CPU.ActiveCfg = Release|Any CPU
		{EADA9628-A4E4-40B0-A362-8FBDE4931C22}.AppStore|Any CPU.Build.0 = Release|Any CPU
		{EADA9628-A4E4-40B0-A362-8FBDE4931C22}.AppStore|ARM.ActiveCfg = Release|Any CPU
		{EADA9628-A4E4-40B0-A362-8FBDE4931C22}.AppStore|ARM.Build.0 = Release|Any CPU
		{EADA9628-A4E4-40B0-A362-8FBDE4931C22}.AppStore|ARM64.ActiveCfg = Debug|Any CPU
		{EADA9628-A4E4-40B0-A362-8FBDE4931C22}.AppStore|ARM64.Build.0 = Debug|Any CPU
		{EADA9628-A4E4-40B0-A362-8FBDE4931C22}.AppStore|iPhone.ActiveCfg = Release|Any CPU
		{EADA9628-A4E4-40B0-A362-8FBDE4931C22}.AppStore|iPhone.Build.0 = Release|Any CPU
		{EADA9628-A4E4-40B0-A362-8FBDE4931C22}.AppStore|iPhoneSimulator.ActiveCfg = Release|Any CPU
		{EADA9628-A4E4-40B0-A362-8FBDE4931C22}.AppStore|iPhoneSimulator.Build.0 = Release|Any CPU
		{EADA9628-A4E4-40B0-A362-8FBDE4931C22}.AppStore|x64.ActiveCfg = Release|Any CPU
		{EADA9628-A4E4-40B0-A362-8FBDE4931C22}.AppStore|x64.Build.0 = Release|Any CPU
		{EADA9628-A4E4-40B0-A362-8FBDE4931C22}.AppStore|x86.ActiveCfg = Release|Any CPU
		{EADA9628-A4E4-40B0-A362-8FBDE4931C22}.AppStore|x86.Build.0 = Release|Any CPU
		{EADA9628-A4E4-40B0-A362-8FBDE4931C22}.Debug|Any CPU.ActiveCfg = Debug|Any CPU
		{EADA9628-A4E4-40B0-A362-8FBDE4931C22}.Debug|Any CPU.Build.0 = Debug|Any CPU
		{EADA9628-A4E4-40B0-A362-8FBDE4931C22}.Debug|ARM.ActiveCfg = Debug|Any CPU
		{EADA9628-A4E4-40B0-A362-8FBDE4931C22}.Debug|ARM.Build.0 = Debug|Any CPU
		{EADA9628-A4E4-40B0-A362-8FBDE4931C22}.Debug|ARM64.ActiveCfg = Debug|Any CPU
		{EADA9628-A4E4-40B0-A362-8FBDE4931C22}.Debug|ARM64.Build.0 = Debug|Any CPU
		{EADA9628-A4E4-40B0-A362-8FBDE4931C22}.Debug|iPhone.ActiveCfg = Debug|Any CPU
		{EADA9628-A4E4-40B0-A362-8FBDE4931C22}.Debug|iPhone.Build.0 = Debug|Any CPU
		{EADA9628-A4E4-40B0-A362-8FBDE4931C22}.Debug|iPhoneSimulator.ActiveCfg = Debug|Any CPU
		{EADA9628-A4E4-40B0-A362-8FBDE4931C22}.Debug|iPhoneSimulator.Build.0 = Debug|Any CPU
		{EADA9628-A4E4-40B0-A362-8FBDE4931C22}.Debug|x64.ActiveCfg = Debug|Any CPU
		{EADA9628-A4E4-40B0-A362-8FBDE4931C22}.Debug|x64.Build.0 = Debug|Any CPU
		{EADA9628-A4E4-40B0-A362-8FBDE4931C22}.Debug|x86.ActiveCfg = Debug|Any CPU
		{EADA9628-A4E4-40B0-A362-8FBDE4931C22}.Debug|x86.Build.0 = Debug|Any CPU
		{EADA9628-A4E4-40B0-A362-8FBDE4931C22}.Release|Any CPU.ActiveCfg = Release|Any CPU
		{EADA9628-A4E4-40B0-A362-8FBDE4931C22}.Release|Any CPU.Build.0 = Release|Any CPU
		{EADA9628-A4E4-40B0-A362-8FBDE4931C22}.Release|ARM.ActiveCfg = Release|Any CPU
		{EADA9628-A4E4-40B0-A362-8FBDE4931C22}.Release|ARM.Build.0 = Release|Any CPU
		{EADA9628-A4E4-40B0-A362-8FBDE4931C22}.Release|ARM64.ActiveCfg = Release|Any CPU
		{EADA9628-A4E4-40B0-A362-8FBDE4931C22}.Release|ARM64.Build.0 = Release|Any CPU
		{EADA9628-A4E4-40B0-A362-8FBDE4931C22}.Release|iPhone.ActiveCfg = Release|Any CPU
		{EADA9628-A4E4-40B0-A362-8FBDE4931C22}.Release|iPhone.Build.0 = Release|Any CPU
		{EADA9628-A4E4-40B0-A362-8FBDE4931C22}.Release|iPhoneSimulator.ActiveCfg = Release|Any CPU
		{EADA9628-A4E4-40B0-A362-8FBDE4931C22}.Release|iPhoneSimulator.Build.0 = Release|Any CPU
		{EADA9628-A4E4-40B0-A362-8FBDE4931C22}.Release|x64.ActiveCfg = Release|Any CPU
		{EADA9628-A4E4-40B0-A362-8FBDE4931C22}.Release|x64.Build.0 = Release|Any CPU
		{EADA9628-A4E4-40B0-A362-8FBDE4931C22}.Release|x86.ActiveCfg = Release|Any CPU
		{EADA9628-A4E4-40B0-A362-8FBDE4931C22}.Release|x86.Build.0 = Release|Any CPU
		{BB5B8D85-5E52-4BC8-AABD-D8BE732A9F8B}.Ad-Hoc|Any CPU.ActiveCfg = Debug|Any CPU
		{BB5B8D85-5E52-4BC8-AABD-D8BE732A9F8B}.Ad-Hoc|Any CPU.Build.0 = Debug|Any CPU
		{BB5B8D85-5E52-4BC8-AABD-D8BE732A9F8B}.Ad-Hoc|ARM.ActiveCfg = Debug|Any CPU
		{BB5B8D85-5E52-4BC8-AABD-D8BE732A9F8B}.Ad-Hoc|ARM.Build.0 = Debug|Any CPU
		{BB5B8D85-5E52-4BC8-AABD-D8BE732A9F8B}.Ad-Hoc|ARM64.ActiveCfg = Release|Any CPU
		{BB5B8D85-5E52-4BC8-AABD-D8BE732A9F8B}.Ad-Hoc|ARM64.Build.0 = Release|Any CPU
		{BB5B8D85-5E52-4BC8-AABD-D8BE732A9F8B}.Ad-Hoc|iPhone.ActiveCfg = Debug|Any CPU
		{BB5B8D85-5E52-4BC8-AABD-D8BE732A9F8B}.Ad-Hoc|iPhone.Build.0 = Debug|Any CPU
		{BB5B8D85-5E52-4BC8-AABD-D8BE732A9F8B}.Ad-Hoc|iPhoneSimulator.ActiveCfg = Debug|Any CPU
		{BB5B8D85-5E52-4BC8-AABD-D8BE732A9F8B}.Ad-Hoc|iPhoneSimulator.Build.0 = Debug|Any CPU
		{BB5B8D85-5E52-4BC8-AABD-D8BE732A9F8B}.Ad-Hoc|x64.ActiveCfg = Debug|Any CPU
		{BB5B8D85-5E52-4BC8-AABD-D8BE732A9F8B}.Ad-Hoc|x64.Build.0 = Debug|Any CPU
		{BB5B8D85-5E52-4BC8-AABD-D8BE732A9F8B}.Ad-Hoc|x86.ActiveCfg = Debug|Any CPU
		{BB5B8D85-5E52-4BC8-AABD-D8BE732A9F8B}.Ad-Hoc|x86.Build.0 = Debug|Any CPU
		{BB5B8D85-5E52-4BC8-AABD-D8BE732A9F8B}.AppStore|Any CPU.ActiveCfg = Debug|Any CPU
		{BB5B8D85-5E52-4BC8-AABD-D8BE732A9F8B}.AppStore|Any CPU.Build.0 = Debug|Any CPU
		{BB5B8D85-5E52-4BC8-AABD-D8BE732A9F8B}.AppStore|ARM.ActiveCfg = Debug|Any CPU
		{BB5B8D85-5E52-4BC8-AABD-D8BE732A9F8B}.AppStore|ARM.Build.0 = Debug|Any CPU
		{BB5B8D85-5E52-4BC8-AABD-D8BE732A9F8B}.AppStore|ARM64.ActiveCfg = Release|Any CPU
		{BB5B8D85-5E52-4BC8-AABD-D8BE732A9F8B}.AppStore|ARM64.Build.0 = Release|Any CPU
		{BB5B8D85-5E52-4BC8-AABD-D8BE732A9F8B}.AppStore|iPhone.ActiveCfg = Debug|Any CPU
		{BB5B8D85-5E52-4BC8-AABD-D8BE732A9F8B}.AppStore|iPhone.Build.0 = Debug|Any CPU
		{BB5B8D85-5E52-4BC8-AABD-D8BE732A9F8B}.AppStore|iPhoneSimulator.ActiveCfg = Debug|Any CPU
		{BB5B8D85-5E52-4BC8-AABD-D8BE732A9F8B}.AppStore|iPhoneSimulator.Build.0 = Debug|Any CPU
		{BB5B8D85-5E52-4BC8-AABD-D8BE732A9F8B}.AppStore|x64.ActiveCfg = Debug|Any CPU
		{BB5B8D85-5E52-4BC8-AABD-D8BE732A9F8B}.AppStore|x64.Build.0 = Debug|Any CPU
		{BB5B8D85-5E52-4BC8-AABD-D8BE732A9F8B}.AppStore|x86.ActiveCfg = Debug|Any CPU
		{BB5B8D85-5E52-4BC8-AABD-D8BE732A9F8B}.AppStore|x86.Build.0 = Debug|Any CPU
		{BB5B8D85-5E52-4BC8-AABD-D8BE732A9F8B}.Debug|Any CPU.ActiveCfg = Debug|Any CPU
		{BB5B8D85-5E52-4BC8-AABD-D8BE732A9F8B}.Debug|Any CPU.Build.0 = Debug|Any CPU
		{BB5B8D85-5E52-4BC8-AABD-D8BE732A9F8B}.Debug|ARM.ActiveCfg = Debug|Any CPU
		{BB5B8D85-5E52-4BC8-AABD-D8BE732A9F8B}.Debug|ARM.Build.0 = Debug|Any CPU
		{BB5B8D85-5E52-4BC8-AABD-D8BE732A9F8B}.Debug|ARM64.ActiveCfg = Debug|Any CPU
		{BB5B8D85-5E52-4BC8-AABD-D8BE732A9F8B}.Debug|ARM64.Build.0 = Debug|Any CPU
		{BB5B8D85-5E52-4BC8-AABD-D8BE732A9F8B}.Debug|iPhone.ActiveCfg = Debug|Any CPU
		{BB5B8D85-5E52-4BC8-AABD-D8BE732A9F8B}.Debug|iPhone.Build.0 = Debug|Any CPU
		{BB5B8D85-5E52-4BC8-AABD-D8BE732A9F8B}.Debug|iPhoneSimulator.ActiveCfg = Debug|Any CPU
		{BB5B8D85-5E52-4BC8-AABD-D8BE732A9F8B}.Debug|iPhoneSimulator.Build.0 = Debug|Any CPU
		{BB5B8D85-5E52-4BC8-AABD-D8BE732A9F8B}.Debug|x64.ActiveCfg = Debug|Any CPU
		{BB5B8D85-5E52-4BC8-AABD-D8BE732A9F8B}.Debug|x64.Build.0 = Debug|Any CPU
		{BB5B8D85-5E52-4BC8-AABD-D8BE732A9F8B}.Debug|x86.ActiveCfg = Debug|Any CPU
		{BB5B8D85-5E52-4BC8-AABD-D8BE732A9F8B}.Debug|x86.Build.0 = Debug|Any CPU
		{BB5B8D85-5E52-4BC8-AABD-D8BE732A9F8B}.Release|Any CPU.ActiveCfg = Release|Any CPU
		{BB5B8D85-5E52-4BC8-AABD-D8BE732A9F8B}.Release|Any CPU.Build.0 = Release|Any CPU
		{BB5B8D85-5E52-4BC8-AABD-D8BE732A9F8B}.Release|ARM.ActiveCfg = Release|Any CPU
		{BB5B8D85-5E52-4BC8-AABD-D8BE732A9F8B}.Release|ARM.Build.0 = Release|Any CPU
		{BB5B8D85-5E52-4BC8-AABD-D8BE732A9F8B}.Release|ARM64.ActiveCfg = Release|Any CPU
		{BB5B8D85-5E52-4BC8-AABD-D8BE732A9F8B}.Release|ARM64.Build.0 = Release|Any CPU
		{BB5B8D85-5E52-4BC8-AABD-D8BE732A9F8B}.Release|iPhone.ActiveCfg = Release|Any CPU
		{BB5B8D85-5E52-4BC8-AABD-D8BE732A9F8B}.Release|iPhone.Build.0 = Release|Any CPU
		{BB5B8D85-5E52-4BC8-AABD-D8BE732A9F8B}.Release|iPhoneSimulator.ActiveCfg = Release|Any CPU
		{BB5B8D85-5E52-4BC8-AABD-D8BE732A9F8B}.Release|iPhoneSimulator.Build.0 = Release|Any CPU
		{BB5B8D85-5E52-4BC8-AABD-D8BE732A9F8B}.Release|x64.ActiveCfg = Release|Any CPU
		{BB5B8D85-5E52-4BC8-AABD-D8BE732A9F8B}.Release|x64.Build.0 = Release|Any CPU
		{BB5B8D85-5E52-4BC8-AABD-D8BE732A9F8B}.Release|x86.ActiveCfg = Release|Any CPU
		{BB5B8D85-5E52-4BC8-AABD-D8BE732A9F8B}.Release|x86.Build.0 = Release|Any CPU
		{69EC4A5F-A26B-4DC5-A7AB-D1D7BDE9355C}.Ad-Hoc|Any CPU.ActiveCfg = Debug|Any CPU
		{69EC4A5F-A26B-4DC5-A7AB-D1D7BDE9355C}.Ad-Hoc|Any CPU.Build.0 = Debug|Any CPU
		{69EC4A5F-A26B-4DC5-A7AB-D1D7BDE9355C}.Ad-Hoc|ARM.ActiveCfg = Debug|Any CPU
		{69EC4A5F-A26B-4DC5-A7AB-D1D7BDE9355C}.Ad-Hoc|ARM.Build.0 = Debug|Any CPU
		{69EC4A5F-A26B-4DC5-A7AB-D1D7BDE9355C}.Ad-Hoc|ARM64.ActiveCfg = Debug|Any CPU
		{69EC4A5F-A26B-4DC5-A7AB-D1D7BDE9355C}.Ad-Hoc|ARM64.Build.0 = Debug|Any CPU
		{69EC4A5F-A26B-4DC5-A7AB-D1D7BDE9355C}.Ad-Hoc|iPhone.ActiveCfg = Debug|Any CPU
		{69EC4A5F-A26B-4DC5-A7AB-D1D7BDE9355C}.Ad-Hoc|iPhone.Build.0 = Debug|Any CPU
		{69EC4A5F-A26B-4DC5-A7AB-D1D7BDE9355C}.Ad-Hoc|iPhoneSimulator.ActiveCfg = Debug|Any CPU
		{69EC4A5F-A26B-4DC5-A7AB-D1D7BDE9355C}.Ad-Hoc|iPhoneSimulator.Build.0 = Debug|Any CPU
		{69EC4A5F-A26B-4DC5-A7AB-D1D7BDE9355C}.Ad-Hoc|x64.ActiveCfg = Debug|Any CPU
		{69EC4A5F-A26B-4DC5-A7AB-D1D7BDE9355C}.Ad-Hoc|x64.Build.0 = Debug|Any CPU
		{69EC4A5F-A26B-4DC5-A7AB-D1D7BDE9355C}.Ad-Hoc|x86.ActiveCfg = Debug|Any CPU
		{69EC4A5F-A26B-4DC5-A7AB-D1D7BDE9355C}.Ad-Hoc|x86.Build.0 = Debug|Any CPU
		{69EC4A5F-A26B-4DC5-A7AB-D1D7BDE9355C}.AppStore|Any CPU.ActiveCfg = Debug|Any CPU
		{69EC4A5F-A26B-4DC5-A7AB-D1D7BDE9355C}.AppStore|Any CPU.Build.0 = Debug|Any CPU
		{69EC4A5F-A26B-4DC5-A7AB-D1D7BDE9355C}.AppStore|ARM.ActiveCfg = Debug|Any CPU
		{69EC4A5F-A26B-4DC5-A7AB-D1D7BDE9355C}.AppStore|ARM.Build.0 = Debug|Any CPU
		{69EC4A5F-A26B-4DC5-A7AB-D1D7BDE9355C}.AppStore|ARM64.ActiveCfg = Debug|Any CPU
		{69EC4A5F-A26B-4DC5-A7AB-D1D7BDE9355C}.AppStore|ARM64.Build.0 = Debug|Any CPU
		{69EC4A5F-A26B-4DC5-A7AB-D1D7BDE9355C}.AppStore|iPhone.ActiveCfg = Debug|Any CPU
		{69EC4A5F-A26B-4DC5-A7AB-D1D7BDE9355C}.AppStore|iPhone.Build.0 = Debug|Any CPU
		{69EC4A5F-A26B-4DC5-A7AB-D1D7BDE9355C}.AppStore|iPhoneSimulator.ActiveCfg = Debug|Any CPU
		{69EC4A5F-A26B-4DC5-A7AB-D1D7BDE9355C}.AppStore|iPhoneSimulator.Build.0 = Debug|Any CPU
		{69EC4A5F-A26B-4DC5-A7AB-D1D7BDE9355C}.AppStore|x64.ActiveCfg = Debug|Any CPU
		{69EC4A5F-A26B-4DC5-A7AB-D1D7BDE9355C}.AppStore|x64.Build.0 = Debug|Any CPU
		{69EC4A5F-A26B-4DC5-A7AB-D1D7BDE9355C}.AppStore|x86.ActiveCfg = Debug|Any CPU
		{69EC4A5F-A26B-4DC5-A7AB-D1D7BDE9355C}.AppStore|x86.Build.0 = Debug|Any CPU
		{69EC4A5F-A26B-4DC5-A7AB-D1D7BDE9355C}.Debug|Any CPU.ActiveCfg = Debug|Any CPU
		{69EC4A5F-A26B-4DC5-A7AB-D1D7BDE9355C}.Debug|Any CPU.Build.0 = Debug|Any CPU
		{69EC4A5F-A26B-4DC5-A7AB-D1D7BDE9355C}.Debug|ARM.ActiveCfg = Debug|Any CPU
		{69EC4A5F-A26B-4DC5-A7AB-D1D7BDE9355C}.Debug|ARM.Build.0 = Debug|Any CPU
		{69EC4A5F-A26B-4DC5-A7AB-D1D7BDE9355C}.Debug|ARM64.ActiveCfg = Debug|Any CPU
		{69EC4A5F-A26B-4DC5-A7AB-D1D7BDE9355C}.Debug|ARM64.Build.0 = Debug|Any CPU
		{69EC4A5F-A26B-4DC5-A7AB-D1D7BDE9355C}.Debug|iPhone.ActiveCfg = Debug|Any CPU
		{69EC4A5F-A26B-4DC5-A7AB-D1D7BDE9355C}.Debug|iPhone.Build.0 = Debug|Any CPU
		{69EC4A5F-A26B-4DC5-A7AB-D1D7BDE9355C}.Debug|iPhoneSimulator.ActiveCfg = Debug|Any CPU
		{69EC4A5F-A26B-4DC5-A7AB-D1D7BDE9355C}.Debug|iPhoneSimulator.Build.0 = Debug|Any CPU
		{69EC4A5F-A26B-4DC5-A7AB-D1D7BDE9355C}.Debug|x64.ActiveCfg = Debug|Any CPU
		{69EC4A5F-A26B-4DC5-A7AB-D1D7BDE9355C}.Debug|x64.Build.0 = Debug|Any CPU
		{69EC4A5F-A26B-4DC5-A7AB-D1D7BDE9355C}.Debug|x86.ActiveCfg = Debug|Any CPU
		{69EC4A5F-A26B-4DC5-A7AB-D1D7BDE9355C}.Debug|x86.Build.0 = Debug|Any CPU
		{69EC4A5F-A26B-4DC5-A7AB-D1D7BDE9355C}.Release|Any CPU.ActiveCfg = Release|Any CPU
		{69EC4A5F-A26B-4DC5-A7AB-D1D7BDE9355C}.Release|Any CPU.Build.0 = Release|Any CPU
		{69EC4A5F-A26B-4DC5-A7AB-D1D7BDE9355C}.Release|ARM.ActiveCfg = Release|Any CPU
		{69EC4A5F-A26B-4DC5-A7AB-D1D7BDE9355C}.Release|ARM.Build.0 = Release|Any CPU
		{69EC4A5F-A26B-4DC5-A7AB-D1D7BDE9355C}.Release|ARM64.ActiveCfg = Release|Any CPU
		{69EC4A5F-A26B-4DC5-A7AB-D1D7BDE9355C}.Release|ARM64.Build.0 = Release|Any CPU
		{69EC4A5F-A26B-4DC5-A7AB-D1D7BDE9355C}.Release|iPhone.ActiveCfg = Release|Any CPU
		{69EC4A5F-A26B-4DC5-A7AB-D1D7BDE9355C}.Release|iPhone.Build.0 = Release|Any CPU
		{69EC4A5F-A26B-4DC5-A7AB-D1D7BDE9355C}.Release|iPhoneSimulator.ActiveCfg = Release|Any CPU
		{69EC4A5F-A26B-4DC5-A7AB-D1D7BDE9355C}.Release|iPhoneSimulator.Build.0 = Release|Any CPU
		{69EC4A5F-A26B-4DC5-A7AB-D1D7BDE9355C}.Release|x64.ActiveCfg = Release|Any CPU
		{69EC4A5F-A26B-4DC5-A7AB-D1D7BDE9355C}.Release|x64.Build.0 = Release|Any CPU
		{69EC4A5F-A26B-4DC5-A7AB-D1D7BDE9355C}.Release|x86.ActiveCfg = Release|Any CPU
		{69EC4A5F-A26B-4DC5-A7AB-D1D7BDE9355C}.Release|x86.Build.0 = Release|Any CPU
		{5911E1A9-9C98-42BA-9878-90ED3F946E57}.Ad-Hoc|Any CPU.ActiveCfg = Release|Any CPU
		{5911E1A9-9C98-42BA-9878-90ED3F946E57}.Ad-Hoc|Any CPU.Build.0 = Release|Any CPU
		{5911E1A9-9C98-42BA-9878-90ED3F946E57}.Ad-Hoc|ARM.ActiveCfg = Release|Any CPU
		{5911E1A9-9C98-42BA-9878-90ED3F946E57}.Ad-Hoc|ARM.Build.0 = Release|Any CPU
		{5911E1A9-9C98-42BA-9878-90ED3F946E57}.Ad-Hoc|ARM64.ActiveCfg = Release|Any CPU
		{5911E1A9-9C98-42BA-9878-90ED3F946E57}.Ad-Hoc|ARM64.Build.0 = Release|Any CPU
		{5911E1A9-9C98-42BA-9878-90ED3F946E57}.Ad-Hoc|iPhone.ActiveCfg = Release|Any CPU
		{5911E1A9-9C98-42BA-9878-90ED3F946E57}.Ad-Hoc|iPhone.Build.0 = Release|Any CPU
		{5911E1A9-9C98-42BA-9878-90ED3F946E57}.Ad-Hoc|iPhoneSimulator.ActiveCfg = Release|Any CPU
		{5911E1A9-9C98-42BA-9878-90ED3F946E57}.Ad-Hoc|iPhoneSimulator.Build.0 = Release|Any CPU
		{5911E1A9-9C98-42BA-9878-90ED3F946E57}.Ad-Hoc|x64.ActiveCfg = Release|Any CPU
		{5911E1A9-9C98-42BA-9878-90ED3F946E57}.Ad-Hoc|x64.Build.0 = Release|Any CPU
		{5911E1A9-9C98-42BA-9878-90ED3F946E57}.Ad-Hoc|x86.ActiveCfg = Release|Any CPU
		{5911E1A9-9C98-42BA-9878-90ED3F946E57}.Ad-Hoc|x86.Build.0 = Release|Any CPU
		{5911E1A9-9C98-42BA-9878-90ED3F946E57}.AppStore|Any CPU.ActiveCfg = Release|Any CPU
		{5911E1A9-9C98-42BA-9878-90ED3F946E57}.AppStore|Any CPU.Build.0 = Release|Any CPU
		{5911E1A9-9C98-42BA-9878-90ED3F946E57}.AppStore|ARM.ActiveCfg = Release|Any CPU
		{5911E1A9-9C98-42BA-9878-90ED3F946E57}.AppStore|ARM.Build.0 = Release|Any CPU
		{5911E1A9-9C98-42BA-9878-90ED3F946E57}.AppStore|ARM64.ActiveCfg = Release|Any CPU
		{5911E1A9-9C98-42BA-9878-90ED3F946E57}.AppStore|ARM64.Build.0 = Release|Any CPU
		{5911E1A9-9C98-42BA-9878-90ED3F946E57}.AppStore|iPhone.ActiveCfg = Release|Any CPU
		{5911E1A9-9C98-42BA-9878-90ED3F946E57}.AppStore|iPhone.Build.0 = Release|Any CPU
		{5911E1A9-9C98-42BA-9878-90ED3F946E57}.AppStore|iPhoneSimulator.ActiveCfg = Release|Any CPU
		{5911E1A9-9C98-42BA-9878-90ED3F946E57}.AppStore|iPhoneSimulator.Build.0 = Release|Any CPU
		{5911E1A9-9C98-42BA-9878-90ED3F946E57}.AppStore|x64.ActiveCfg = Release|Any CPU
		{5911E1A9-9C98-42BA-9878-90ED3F946E57}.AppStore|x64.Build.0 = Release|Any CPU
		{5911E1A9-9C98-42BA-9878-90ED3F946E57}.AppStore|x86.ActiveCfg = Release|Any CPU
		{5911E1A9-9C98-42BA-9878-90ED3F946E57}.AppStore|x86.Build.0 = Release|Any CPU
		{5911E1A9-9C98-42BA-9878-90ED3F946E57}.Debug|Any CPU.ActiveCfg = Debug|Any CPU
		{5911E1A9-9C98-42BA-9878-90ED3F946E57}.Debug|Any CPU.Build.0 = Debug|Any CPU
		{5911E1A9-9C98-42BA-9878-90ED3F946E57}.Debug|ARM.ActiveCfg = Debug|Any CPU
		{5911E1A9-9C98-42BA-9878-90ED3F946E57}.Debug|ARM.Build.0 = Debug|Any CPU
		{5911E1A9-9C98-42BA-9878-90ED3F946E57}.Debug|ARM64.ActiveCfg = Debug|Any CPU
		{5911E1A9-9C98-42BA-9878-90ED3F946E57}.Debug|ARM64.Build.0 = Debug|Any CPU
		{5911E1A9-9C98-42BA-9878-90ED3F946E57}.Debug|iPhone.ActiveCfg = Debug|Any CPU
		{5911E1A9-9C98-42BA-9878-90ED3F946E57}.Debug|iPhone.Build.0 = Debug|Any CPU
		{5911E1A9-9C98-42BA-9878-90ED3F946E57}.Debug|iPhoneSimulator.ActiveCfg = Debug|Any CPU
		{5911E1A9-9C98-42BA-9878-90ED3F946E57}.Debug|iPhoneSimulator.Build.0 = Debug|Any CPU
		{5911E1A9-9C98-42BA-9878-90ED3F946E57}.Debug|x64.ActiveCfg = Debug|Any CPU
		{5911E1A9-9C98-42BA-9878-90ED3F946E57}.Debug|x64.Build.0 = Debug|Any CPU
		{5911E1A9-9C98-42BA-9878-90ED3F946E57}.Debug|x86.ActiveCfg = Debug|Any CPU
		{5911E1A9-9C98-42BA-9878-90ED3F946E57}.Debug|x86.Build.0 = Debug|Any CPU
		{5911E1A9-9C98-42BA-9878-90ED3F946E57}.Release|Any CPU.ActiveCfg = Release|Any CPU
		{5911E1A9-9C98-42BA-9878-90ED3F946E57}.Release|Any CPU.Build.0 = Release|Any CPU
		{5911E1A9-9C98-42BA-9878-90ED3F946E57}.Release|ARM.ActiveCfg = Release|Any CPU
		{5911E1A9-9C98-42BA-9878-90ED3F946E57}.Release|ARM.Build.0 = Release|Any CPU
		{5911E1A9-9C98-42BA-9878-90ED3F946E57}.Release|ARM64.ActiveCfg = Release|Any CPU
		{5911E1A9-9C98-42BA-9878-90ED3F946E57}.Release|ARM64.Build.0 = Release|Any CPU
		{5911E1A9-9C98-42BA-9878-90ED3F946E57}.Release|iPhone.ActiveCfg = Release|Any CPU
		{5911E1A9-9C98-42BA-9878-90ED3F946E57}.Release|iPhone.Build.0 = Release|Any CPU
		{5911E1A9-9C98-42BA-9878-90ED3F946E57}.Release|iPhoneSimulator.ActiveCfg = Release|Any CPU
		{5911E1A9-9C98-42BA-9878-90ED3F946E57}.Release|iPhoneSimulator.Build.0 = Release|Any CPU
		{5911E1A9-9C98-42BA-9878-90ED3F946E57}.Release|x64.ActiveCfg = Release|Any CPU
		{5911E1A9-9C98-42BA-9878-90ED3F946E57}.Release|x64.Build.0 = Release|Any CPU
		{5911E1A9-9C98-42BA-9878-90ED3F946E57}.Release|x86.ActiveCfg = Release|Any CPU
		{5911E1A9-9C98-42BA-9878-90ED3F946E57}.Release|x86.Build.0 = Release|Any CPU
		{9323F653-BB21-4967-9341-88DBAD2728C3}.Ad-Hoc|Any CPU.ActiveCfg = Release|Any CPU
		{9323F653-BB21-4967-9341-88DBAD2728C3}.Ad-Hoc|Any CPU.Build.0 = Release|Any CPU
		{9323F653-BB21-4967-9341-88DBAD2728C3}.Ad-Hoc|ARM.ActiveCfg = Release|ARM
		{9323F653-BB21-4967-9341-88DBAD2728C3}.Ad-Hoc|ARM.Build.0 = Release|ARM
		{9323F653-BB21-4967-9341-88DBAD2728C3}.Ad-Hoc|ARM64.ActiveCfg = Release|ARM64
		{9323F653-BB21-4967-9341-88DBAD2728C3}.Ad-Hoc|ARM64.Build.0 = Release|ARM64
		{9323F653-BB21-4967-9341-88DBAD2728C3}.Ad-Hoc|iPhone.ActiveCfg = Release|Any CPU
		{9323F653-BB21-4967-9341-88DBAD2728C3}.Ad-Hoc|iPhone.Build.0 = Release|Any CPU
		{9323F653-BB21-4967-9341-88DBAD2728C3}.Ad-Hoc|iPhoneSimulator.ActiveCfg = Release|Any CPU
		{9323F653-BB21-4967-9341-88DBAD2728C3}.Ad-Hoc|iPhoneSimulator.Build.0 = Release|Any CPU
		{9323F653-BB21-4967-9341-88DBAD2728C3}.Ad-Hoc|x64.ActiveCfg = Release|x64
		{9323F653-BB21-4967-9341-88DBAD2728C3}.Ad-Hoc|x64.Build.0 = Release|x64
		{9323F653-BB21-4967-9341-88DBAD2728C3}.Ad-Hoc|x86.ActiveCfg = Release|x86
		{9323F653-BB21-4967-9341-88DBAD2728C3}.Ad-Hoc|x86.Build.0 = Release|x86
		{9323F653-BB21-4967-9341-88DBAD2728C3}.AppStore|Any CPU.ActiveCfg = Release|Any CPU
		{9323F653-BB21-4967-9341-88DBAD2728C3}.AppStore|Any CPU.Build.0 = Release|Any CPU
		{9323F653-BB21-4967-9341-88DBAD2728C3}.AppStore|ARM.ActiveCfg = Release|ARM
		{9323F653-BB21-4967-9341-88DBAD2728C3}.AppStore|ARM.Build.0 = Release|ARM
		{9323F653-BB21-4967-9341-88DBAD2728C3}.AppStore|ARM64.ActiveCfg = Release|ARM64
		{9323F653-BB21-4967-9341-88DBAD2728C3}.AppStore|ARM64.Build.0 = Release|ARM64
		{9323F653-BB21-4967-9341-88DBAD2728C3}.AppStore|iPhone.ActiveCfg = Release|Any CPU
		{9323F653-BB21-4967-9341-88DBAD2728C3}.AppStore|iPhone.Build.0 = Release|Any CPU
		{9323F653-BB21-4967-9341-88DBAD2728C3}.AppStore|iPhoneSimulator.ActiveCfg = Release|Any CPU
		{9323F653-BB21-4967-9341-88DBAD2728C3}.AppStore|iPhoneSimulator.Build.0 = Release|Any CPU
		{9323F653-BB21-4967-9341-88DBAD2728C3}.AppStore|x64.ActiveCfg = Release|x64
		{9323F653-BB21-4967-9341-88DBAD2728C3}.AppStore|x64.Build.0 = Release|x64
		{9323F653-BB21-4967-9341-88DBAD2728C3}.AppStore|x86.ActiveCfg = Release|x86
		{9323F653-BB21-4967-9341-88DBAD2728C3}.AppStore|x86.Build.0 = Release|x86
		{9323F653-BB21-4967-9341-88DBAD2728C3}.Debug|Any CPU.ActiveCfg = Debug|Any CPU
		{9323F653-BB21-4967-9341-88DBAD2728C3}.Debug|Any CPU.Build.0 = Debug|Any CPU
		{9323F653-BB21-4967-9341-88DBAD2728C3}.Debug|ARM.ActiveCfg = Debug|ARM
		{9323F653-BB21-4967-9341-88DBAD2728C3}.Debug|ARM.Build.0 = Debug|ARM
		{9323F653-BB21-4967-9341-88DBAD2728C3}.Debug|ARM64.ActiveCfg = Debug|ARM64
		{9323F653-BB21-4967-9341-88DBAD2728C3}.Debug|ARM64.Build.0 = Debug|ARM64
		{9323F653-BB21-4967-9341-88DBAD2728C3}.Debug|iPhone.ActiveCfg = Debug|Any CPU
		{9323F653-BB21-4967-9341-88DBAD2728C3}.Debug|iPhone.Build.0 = Debug|Any CPU
		{9323F653-BB21-4967-9341-88DBAD2728C3}.Debug|iPhoneSimulator.ActiveCfg = Debug|Any CPU
		{9323F653-BB21-4967-9341-88DBAD2728C3}.Debug|iPhoneSimulator.Build.0 = Debug|Any CPU
		{9323F653-BB21-4967-9341-88DBAD2728C3}.Debug|x64.ActiveCfg = Debug|x64
		{9323F653-BB21-4967-9341-88DBAD2728C3}.Debug|x64.Build.0 = Debug|x64
		{9323F653-BB21-4967-9341-88DBAD2728C3}.Debug|x86.ActiveCfg = Debug|x86
		{9323F653-BB21-4967-9341-88DBAD2728C3}.Debug|x86.Build.0 = Debug|x86
		{9323F653-BB21-4967-9341-88DBAD2728C3}.Release|Any CPU.ActiveCfg = Release|Any CPU
		{9323F653-BB21-4967-9341-88DBAD2728C3}.Release|Any CPU.Build.0 = Release|Any CPU
		{9323F653-BB21-4967-9341-88DBAD2728C3}.Release|ARM.ActiveCfg = Release|ARM
		{9323F653-BB21-4967-9341-88DBAD2728C3}.Release|ARM.Build.0 = Release|ARM
		{9323F653-BB21-4967-9341-88DBAD2728C3}.Release|ARM64.ActiveCfg = Release|ARM64
		{9323F653-BB21-4967-9341-88DBAD2728C3}.Release|ARM64.Build.0 = Release|ARM64
		{9323F653-BB21-4967-9341-88DBAD2728C3}.Release|iPhone.ActiveCfg = Release|Any CPU
		{9323F653-BB21-4967-9341-88DBAD2728C3}.Release|iPhone.Build.0 = Release|Any CPU
		{9323F653-BB21-4967-9341-88DBAD2728C3}.Release|iPhoneSimulator.ActiveCfg = Release|Any CPU
		{9323F653-BB21-4967-9341-88DBAD2728C3}.Release|iPhoneSimulator.Build.0 = Release|Any CPU
		{9323F653-BB21-4967-9341-88DBAD2728C3}.Release|x64.ActiveCfg = Release|x64
		{9323F653-BB21-4967-9341-88DBAD2728C3}.Release|x64.Build.0 = Release|x64
		{9323F653-BB21-4967-9341-88DBAD2728C3}.Release|x86.ActiveCfg = Release|x86
		{9323F653-BB21-4967-9341-88DBAD2728C3}.Release|x86.Build.0 = Release|x86
		{DE461A19-E352-4A79-855B-4FCC38DA6BB6}.Ad-Hoc|Any CPU.ActiveCfg = Release|Any CPU
		{DE461A19-E352-4A79-855B-4FCC38DA6BB6}.Ad-Hoc|Any CPU.Build.0 = Release|Any CPU
		{DE461A19-E352-4A79-855B-4FCC38DA6BB6}.Ad-Hoc|ARM.ActiveCfg = Release|Any CPU
		{DE461A19-E352-4A79-855B-4FCC38DA6BB6}.Ad-Hoc|ARM.Build.0 = Release|Any CPU
		{DE461A19-E352-4A79-855B-4FCC38DA6BB6}.Ad-Hoc|ARM64.ActiveCfg = Release|Any CPU
		{DE461A19-E352-4A79-855B-4FCC38DA6BB6}.Ad-Hoc|ARM64.Build.0 = Release|Any CPU
		{DE461A19-E352-4A79-855B-4FCC38DA6BB6}.Ad-Hoc|iPhone.ActiveCfg = Release|Any CPU
		{DE461A19-E352-4A79-855B-4FCC38DA6BB6}.Ad-Hoc|iPhone.Build.0 = Release|Any CPU
		{DE461A19-E352-4A79-855B-4FCC38DA6BB6}.Ad-Hoc|iPhoneSimulator.ActiveCfg = Release|Any CPU
		{DE461A19-E352-4A79-855B-4FCC38DA6BB6}.Ad-Hoc|iPhoneSimulator.Build.0 = Release|Any CPU
		{DE461A19-E352-4A79-855B-4FCC38DA6BB6}.Ad-Hoc|x64.ActiveCfg = Release|Any CPU
		{DE461A19-E352-4A79-855B-4FCC38DA6BB6}.Ad-Hoc|x64.Build.0 = Release|Any CPU
		{DE461A19-E352-4A79-855B-4FCC38DA6BB6}.Ad-Hoc|x86.ActiveCfg = Release|Any CPU
		{DE461A19-E352-4A79-855B-4FCC38DA6BB6}.Ad-Hoc|x86.Build.0 = Release|Any CPU
		{DE461A19-E352-4A79-855B-4FCC38DA6BB6}.AppStore|Any CPU.ActiveCfg = Release|Any CPU
		{DE461A19-E352-4A79-855B-4FCC38DA6BB6}.AppStore|Any CPU.Build.0 = Release|Any CPU
		{DE461A19-E352-4A79-855B-4FCC38DA6BB6}.AppStore|ARM.ActiveCfg = Release|Any CPU
		{DE461A19-E352-4A79-855B-4FCC38DA6BB6}.AppStore|ARM.Build.0 = Release|Any CPU
		{DE461A19-E352-4A79-855B-4FCC38DA6BB6}.AppStore|ARM64.ActiveCfg = Release|Any CPU
		{DE461A19-E352-4A79-855B-4FCC38DA6BB6}.AppStore|ARM64.Build.0 = Release|Any CPU
		{DE461A19-E352-4A79-855B-4FCC38DA6BB6}.AppStore|iPhone.ActiveCfg = Release|Any CPU
		{DE461A19-E352-4A79-855B-4FCC38DA6BB6}.AppStore|iPhone.Build.0 = Release|Any CPU
		{DE461A19-E352-4A79-855B-4FCC38DA6BB6}.AppStore|iPhoneSimulator.ActiveCfg = Release|Any CPU
		{DE461A19-E352-4A79-855B-4FCC38DA6BB6}.AppStore|iPhoneSimulator.Build.0 = Release|Any CPU
		{DE461A19-E352-4A79-855B-4FCC38DA6BB6}.AppStore|x64.ActiveCfg = Release|Any CPU
		{DE461A19-E352-4A79-855B-4FCC38DA6BB6}.AppStore|x64.Build.0 = Release|Any CPU
		{DE461A19-E352-4A79-855B-4FCC38DA6BB6}.AppStore|x86.ActiveCfg = Release|Any CPU
		{DE461A19-E352-4A79-855B-4FCC38DA6BB6}.AppStore|x86.Build.0 = Release|Any CPU
		{DE461A19-E352-4A79-855B-4FCC38DA6BB6}.Debug|Any CPU.ActiveCfg = Debug|Any CPU
		{DE461A19-E352-4A79-855B-4FCC38DA6BB6}.Debug|Any CPU.Build.0 = Debug|Any CPU
		{DE461A19-E352-4A79-855B-4FCC38DA6BB6}.Debug|ARM.ActiveCfg = Debug|Any CPU
		{DE461A19-E352-4A79-855B-4FCC38DA6BB6}.Debug|ARM.Build.0 = Debug|Any CPU
		{DE461A19-E352-4A79-855B-4FCC38DA6BB6}.Debug|ARM64.ActiveCfg = Debug|Any CPU
		{DE461A19-E352-4A79-855B-4FCC38DA6BB6}.Debug|ARM64.Build.0 = Debug|Any CPU
		{DE461A19-E352-4A79-855B-4FCC38DA6BB6}.Debug|iPhone.ActiveCfg = Debug|Any CPU
		{DE461A19-E352-4A79-855B-4FCC38DA6BB6}.Debug|iPhone.Build.0 = Debug|Any CPU
		{DE461A19-E352-4A79-855B-4FCC38DA6BB6}.Debug|iPhoneSimulator.ActiveCfg = Debug|Any CPU
		{DE461A19-E352-4A79-855B-4FCC38DA6BB6}.Debug|iPhoneSimulator.Build.0 = Debug|Any CPU
		{DE461A19-E352-4A79-855B-4FCC38DA6BB6}.Debug|x64.ActiveCfg = Debug|Any CPU
		{DE461A19-E352-4A79-855B-4FCC38DA6BB6}.Debug|x64.Build.0 = Debug|Any CPU
		{DE461A19-E352-4A79-855B-4FCC38DA6BB6}.Debug|x86.ActiveCfg = Debug|Any CPU
		{DE461A19-E352-4A79-855B-4FCC38DA6BB6}.Debug|x86.Build.0 = Debug|Any CPU
		{DE461A19-E352-4A79-855B-4FCC38DA6BB6}.Release|Any CPU.ActiveCfg = Release|Any CPU
		{DE461A19-E352-4A79-855B-4FCC38DA6BB6}.Release|Any CPU.Build.0 = Release|Any CPU
		{DE461A19-E352-4A79-855B-4FCC38DA6BB6}.Release|ARM.ActiveCfg = Release|Any CPU
		{DE461A19-E352-4A79-855B-4FCC38DA6BB6}.Release|ARM.Build.0 = Release|Any CPU
		{DE461A19-E352-4A79-855B-4FCC38DA6BB6}.Release|ARM64.ActiveCfg = Release|Any CPU
		{DE461A19-E352-4A79-855B-4FCC38DA6BB6}.Release|ARM64.Build.0 = Release|Any CPU
		{DE461A19-E352-4A79-855B-4FCC38DA6BB6}.Release|iPhone.ActiveCfg = Release|Any CPU
		{DE461A19-E352-4A79-855B-4FCC38DA6BB6}.Release|iPhone.Build.0 = Release|Any CPU
		{DE461A19-E352-4A79-855B-4FCC38DA6BB6}.Release|iPhoneSimulator.ActiveCfg = Release|Any CPU
		{DE461A19-E352-4A79-855B-4FCC38DA6BB6}.Release|iPhoneSimulator.Build.0 = Release|Any CPU
		{DE461A19-E352-4A79-855B-4FCC38DA6BB6}.Release|x64.ActiveCfg = Release|Any CPU
		{DE461A19-E352-4A79-855B-4FCC38DA6BB6}.Release|x64.Build.0 = Release|Any CPU
		{DE461A19-E352-4A79-855B-4FCC38DA6BB6}.Release|x86.ActiveCfg = Release|Any CPU
		{DE461A19-E352-4A79-855B-4FCC38DA6BB6}.Release|x86.Build.0 = Release|Any CPU
	EndGlobalSection
	GlobalSection(SolutionProperties) = preSolution
		HideSolutionNode = FALSE
	EndGlobalSection
	GlobalSection(NestedProjects) = preSolution
		{67F9D3A8-F71E-4428-913F-C37AE82CDB24} = {7D82A1E3-5B8C-4950-A6D2-73784975D727}
		{EADA9628-A4E4-40B0-A362-8FBDE4931C22} = {7D82A1E3-5B8C-4950-A6D2-73784975D727}
		{69EC4A5F-A26B-4DC5-A7AB-D1D7BDE9355C} = {7D82A1E3-5B8C-4950-A6D2-73784975D727}
		{5911E1A9-9C98-42BA-9878-90ED3F946E57} = {7D82A1E3-5B8C-4950-A6D2-73784975D727}
		{9323F653-BB21-4967-9341-88DBAD2728C3} = {7D82A1E3-5B8C-4950-A6D2-73784975D727}
		{DE461A19-E352-4A79-855B-4FCC38DA6BB6} = {7D82A1E3-5B8C-4950-A6D2-73784975D727}
	EndGlobalSection
	GlobalSection(ExtensibilityGlobals) = postSolution
		SolutionGuid = {9133ADB8-24D3-4E6E-BF87-FC787BC18FDE}
	EndGlobalSection
EndGlobal
